
Microsoft Visual Studio Solution File, Format Version 12.00
# Visual Studio 15
VisualStudioVersion = 15.0.26430.16
MinimumVisualStudioVersion = 10.0.40219.1
Project("{FAE04EC0-301F-11D3-BF4B-00C04F79EFBC}") = "TestApp-Win32", "TestApp-Win32.csproj", "{9BC36EB8-062B-42C8-B7CD-56A7FD460367}"
EndProject
Project("{FAE04EC0-301F-11D3-BF4B-00C04F79EFBC}") = "Win32", "..\..\Win32\Win32.csproj", "{EAFF4297-E338-4093-BB51-38C16B325B40}"
EndProject
Global
	GlobalSection(SharedMSBuildProjectFiles) = preSolution
		..\..\Core-NoWPF\Core-NoWPF.projitems*{eaff4297-e338-4093-bb51-38c16b325b40}*SharedItemsImports = 4
		..\..\Core-Windows\Core-Windows.projitems*{eaff4297-e338-4093-bb51-38c16b325b40}*SharedItemsImports = 4
		..\..\Core\Core.projitems*{eaff4297-e338-4093-bb51-38c16b325b40}*SharedItemsImports = 4
	EndGlobalSection
	GlobalSection(SolutionConfigurationPlatforms) = preSolution
		Debug|Any CPU = Debug|Any CPU
		Release|Any CPU = Release|Any CPU
	EndGlobalSection
	GlobalSection(ProjectConfigurationPlatforms) = postSolution
		{9BC36EB8-062B-42C8-B7CD-56A7FD460367}.Debug|Any CPU.ActiveCfg = Debug|Any CPU
		{9BC36EB8-062B-42C8-B7CD-56A7FD460367}.Debug|Any CPU.Build.0 = Debug|Any CPU
		{9BC36EB8-062B-42C8-B7CD-56A7FD460367}.Release|Any CPU.ActiveCfg = Release|Any CPU
		{9BC36EB8-062B-42C8-B7CD-56A7FD460367}.Release|Any CPU.Build.0 = Release|Any CPU
		{EAFF4297-E338-4093-BB51-38C16B325B40}.Debug|Any CPU.ActiveCfg = Debug|Any CPU
		{EAFF4297-E338-4093-BB51-38C16B325B40}.Debug|Any CPU.Build.0 = Debug|Any CPU
		{EAFF4297-E338-4093-BB51-38C16B325B40}.Release|Any CPU.ActiveCfg = Release|Any CPU
		{EAFF4297-E338-4093-BB51-38C16B325B40}.Release|Any CPU.Build.0 = Release|Any CPU
	EndGlobalSection
	GlobalSection(SolutionProperties) = preSolution
		HideSolutionNode = FALSE
	EndGlobalSection
EndGlobal
