
Microsoft Visual Studio Solution File, Format Version 12.00
# Visual Studio Version 16
VisualStudioVersion = 16.0.28527.54
MinimumVisualStudioVersion = 10.0.40219.1
Project("{2150E333-8FDC-42A3-9474-1A3956D46DE8}") = "Platform", "Platform", "{DB2C9D58-DF3F-4361-ACE4-EF1219AD1810}"
EndProject
Project("{2150E333-8FDC-42A3-9474-1A3956D46DE8}") = "Shared", "Shared", "{D74BF4B6-D008-4124-B4F5-DAEA45272A78}"
EndProject
Project("{2150E333-8FDC-42A3-9474-1A3956D46DE8}") = "Tests", "Tests", "{19EC529F-C50D-4A09-8B2A-70E21B642109}"
	ProjectSection(SolutionItems) = preProject
		Tests\Directory.Build.targets = Tests\Directory.Build.targets
	EndProjectSection
EndProject
Project("{9A19103F-16F7-4668-BE54-9A1E7A4F7556}") = "MCART", "MCART\MCART.csproj", "{D39B543E-571D-4EA5-B8A2-9F6729C8E689}"
EndProject
Project("{2150E333-8FDC-42A3-9474-1A3956D46DE8}") = "Build", "Build", "{B80D3805-8722-4877-AF4E-C7763C850A9E}"
	ProjectSection(SolutionItems) = preProject
		Directory.Build.props = Directory.Build.props
		Directory.Build.targets = Directory.Build.targets
	EndProjectSection
EndProject
Project("{9A19103F-16F7-4668-BE54-9A1E7A4F7556}") = "WPF", "Platform\WPF\WPF.csproj", "{77706828-80BE-4BAC-A97C-072E101D01DE}"
EndProject
Project("{2150E333-8FDC-42A3-9474-1A3956D46DE8}") = "Lib", "Lib", "{8D80435C-F7CE-46FE-82F0-58F0D5282344}"
	ProjectSection(SolutionItems) = preProject
		Lib\Directory.Build.props = Lib\Directory.Build.props
		Lib\Directory.Build.targets = Lib\Directory.Build.targets
	EndProjectSection
EndProject
Project("{9A19103F-16F7-4668-BE54-9A1E7A4F7556}") = "MCART-Windows", "Lib\MCART-Windows\MCART-Windows.csproj", "{620E1805-E9FA-48A5-A9C6-C9E6D35E464D}"
EndProject
Project("{D954291E-2A0B-460D-934E-DC6B0785DB48}") = "AssemblyInfo", "Shared\AssemblyInfo\AssemblyInfo.shproj", "{967AFAA3-DED3-4EC0-9401-7193B318FCE8}"
EndProject
Project("{9A19103F-16F7-4668-BE54-9A1E7A4F7556}") = "CoreTests", "Tests\CoreTests\CoreTests.csproj", "{0C89F4A1-763C-49D8-9C7D-F61A0D7E8DDB}"
EndProject
Project("{9A19103F-16F7-4668-BE54-9A1E7A4F7556}") = "WpfTests", "Tests\WpfTests\WpfTests.csproj", "{F18128DA-4581-4F17-A1B5-56A527A4D785}"
EndProject
Project("{2150E333-8FDC-42A3-9474-1A3956D46DE8}") = "Extensions", "Extensions", "{D62BF4A9-E484-4F39-B40F-7103D5AEABA8}"
	ProjectSection(SolutionItems) = preProject
		Extensions\Directory.Build.props = Extensions\Directory.Build.props
		Extensions\Directory.Build.targets = Extensions\Directory.Build.targets
	EndProjectSection
EndProject
Project("{9A19103F-16F7-4668-BE54-9A1E7A4F7556}") = "TypeFactory", "Extensions\TypeFactory\TypeFactory.csproj", "{F51B9E79-4EAB-4F7C-9575-18F574DD6FD1}"
EndProject
Project("{9A19103F-16F7-4668-BE54-9A1E7A4F7556}") = "PrismLike", "Extensions\PrismLike\PrismLike.csproj", "{6F9B8B04-7ECA-4657-AF02-EC2199295DF8}"
EndProject
Project("{9A19103F-16F7-4668-BE54-9A1E7A4F7556}") = "ComplexTypes", "Extensions\ComplexTypes\ComplexTypes.csproj", "{C757E24B-73F9-419D-9DBF-58111F5B9570}"
EndProject
Project("{D954291E-2A0B-460D-934E-DC6B0785DB48}") = "Internals", "Shared\Internals\Internals.shproj", "{F7B14AEA-6C0A-4343-81AE-FB06DCD9C69C}"
EndProject
Project("{2150E333-8FDC-42A3-9474-1A3956D46DE8}") = "Targets", "Targets", "{75E18028-6D7C-47CC-B8C2-9BB5A0151523}"
	ProjectSection(SolutionItems) = preProject
		Targets\BuildPaths.props = Targets\BuildPaths.props
		Targets\CompileOptions.targets = Targets\CompileOptions.targets
		Targets\GlobalDirectives.targets = Targets\GlobalDirectives.targets
		Targets\PackageInfo.props = Targets\PackageInfo.props
		Targets\PackageVersion.props = Targets\PackageVersion.props
		Targets\Shared.targets = Targets\Shared.targets
	EndProjectSection
EndProject
Project("{9A19103F-16F7-4668-BE54-9A1E7A4F7556}") = "MCART-GUI", "Lib\MCART-GUI\MCART-GUI.csproj", "{254A30EF-4F08-44AC-BA7B-04C2D05AEB23}"
EndProject
Project("{9A19103F-16F7-4668-BE54-9A1E7A4F7556}") = "MCART-UI", "Lib\MCART-UI\MCART-UI.csproj", "{DC106299-465B-48B7-8373-125D496856DE}"
EndProject
Project("{D954291E-2A0B-460D-934E-DC6B0785DB48}") = "Globals", "Shared\Globals\Globals.shproj", "{0AEB6508-6179-44E8-96E6-6535659AE85D}"
EndProject
Project("{9A19103F-16F7-4668-BE54-9A1E7A4F7556}") = "TypeFactoryTests", "Tests\TypeFactoryTests\TypeFactoryTests.csproj", "{A18977D4-6CF4-4D7E-B9AC-A2771D872991}"
EndProject
Project("{9A19103F-16F7-4668-BE54-9A1E7A4F7556}") = "PluginSupport.Legacy", "Extensions\PluginSupport.Legacy\PluginSupport.Legacy.csproj", "{179146E4-5E1A-4B33-98C6-FB8BF74CBF76}"
EndProject
Project("{9A19103F-16F7-4668-BE54-9A1E7A4F7556}") = "Wpf.PluginSupport.Legacy", "Extensions\Wpf.PluginSupport.Legacy\Wpf.PluginSupport.Legacy.csproj", "{7D5862D3-4DC8-495C-AE5F-46F62F467445}"
EndProject
Project("{9A19103F-16F7-4668-BE54-9A1E7A4F7556}") = "Networking.Legacy", "Extensions\Networking.Legacy\Networking.Legacy.csproj", "{C37C0074-3464-4C7C-86D3-786B462C12EE}"
EndProject
Project("{9A19103F-16F7-4668-BE54-9A1E7A4F7556}") = "Gtk", "Platform\Gtk\Gtk.csproj", "{DD13B478-E62E-454A-B914-B7F1B775E578}"
EndProject
Project("{2150E333-8FDC-42A3-9474-1A3956D46DE8}") = "Workflow", "Workflow", "{837EA48D-A64F-4FB9-81E7-06A5183CA0B0}"
	ProjectSection(SolutionItems) = preProject
		..\.github\workflows\build.yml = ..\.github\workflows\build.yml
		..\.github\workflows\publish.yml = ..\.github\workflows\publish.yml
	EndProjectSection
EndProject
Global
	GlobalSection(SharedMSBuildProjectFiles) = preSolution
		Shared\Globals\Globals.projitems*{0aeb6508-6179-44e8-96e6-6535659ae85d}*SharedItemsImports = 13
		Shared\AssemblyInfo\AssemblyInfo.projitems*{967afaa3-ded3-4ec0-9401-7193b318fce8}*SharedItemsImports = 13
		Shared\Internals\Internals.projitems*{f7b14aea-6c0a-4343-81ae-fb06dcd9c69c}*SharedItemsImports = 13
	EndGlobalSection
	GlobalSection(SolutionConfigurationPlatforms) = preSolution
		Debug|Any CPU = Debug|Any CPU
		Debug-Publish|Any CPU = Debug-Publish|Any CPU
		Debug-PublishLocal|Any CPU = Debug-PublishLocal|Any CPU
		Release|Any CPU = Release|Any CPU
		Release-Publish|Any CPU = Release-Publish|Any CPU
	EndGlobalSection
	GlobalSection(ProjectConfigurationPlatforms) = postSolution
		{D39B543E-571D-4EA5-B8A2-9F6729C8E689}.Debug|Any CPU.ActiveCfg = Debug|Any CPU
		{D39B543E-571D-4EA5-B8A2-9F6729C8E689}.Debug|Any CPU.Build.0 = Debug|Any CPU
		{D39B543E-571D-4EA5-B8A2-9F6729C8E689}.Debug-Publish|Any CPU.ActiveCfg = Debug-Publish|Any CPU
		{D39B543E-571D-4EA5-B8A2-9F6729C8E689}.Debug-Publish|Any CPU.Build.0 = Debug-Publish|Any CPU
		{D39B543E-571D-4EA5-B8A2-9F6729C8E689}.Debug-PublishLocal|Any CPU.ActiveCfg = Debug-PublishLocal|Any CPU
		{D39B543E-571D-4EA5-B8A2-9F6729C8E689}.Debug-PublishLocal|Any CPU.Build.0 = Debug-PublishLocal|Any CPU
		{D39B543E-571D-4EA5-B8A2-9F6729C8E689}.Release|Any CPU.ActiveCfg = Release|Any CPU
		{D39B543E-571D-4EA5-B8A2-9F6729C8E689}.Release|Any CPU.Build.0 = Release|Any CPU
		{D39B543E-571D-4EA5-B8A2-9F6729C8E689}.Release-Publish|Any CPU.ActiveCfg = Release-Publish|Any CPU
		{D39B543E-571D-4EA5-B8A2-9F6729C8E689}.Release-Publish|Any CPU.Build.0 = Release-Publish|Any CPU
		{77706828-80BE-4BAC-A97C-072E101D01DE}.Debug|Any CPU.ActiveCfg = Debug|Any CPU
		{77706828-80BE-4BAC-A97C-072E101D01DE}.Debug|Any CPU.Build.0 = Debug|Any CPU
		{77706828-80BE-4BAC-A97C-072E101D01DE}.Debug-Publish|Any CPU.ActiveCfg = Debug-Publish|Any CPU
		{77706828-80BE-4BAC-A97C-072E101D01DE}.Debug-Publish|Any CPU.Build.0 = Debug-Publish|Any CPU
		{77706828-80BE-4BAC-A97C-072E101D01DE}.Debug-PublishLocal|Any CPU.ActiveCfg = Debug-PublishLocal|Any CPU
		{77706828-80BE-4BAC-A97C-072E101D01DE}.Debug-PublishLocal|Any CPU.Build.0 = Debug-PublishLocal|Any CPU
		{77706828-80BE-4BAC-A97C-072E101D01DE}.Release|Any CPU.ActiveCfg = Release|Any CPU
		{77706828-80BE-4BAC-A97C-072E101D01DE}.Release|Any CPU.Build.0 = Release|Any CPU
		{77706828-80BE-4BAC-A97C-072E101D01DE}.Release-Publish|Any CPU.ActiveCfg = Release|Any CPU
		{620E1805-E9FA-48A5-A9C6-C9E6D35E464D}.Debug|Any CPU.ActiveCfg = Debug|Any CPU
		{620E1805-E9FA-48A5-A9C6-C9E6D35E464D}.Debug|Any CPU.Build.0 = Debug|Any CPU
		{620E1805-E9FA-48A5-A9C6-C9E6D35E464D}.Debug-Publish|Any CPU.ActiveCfg = Debug-Publish|Any CPU
		{620E1805-E9FA-48A5-A9C6-C9E6D35E464D}.Debug-Publish|Any CPU.Build.0 = Debug-Publish|Any CPU
		{620E1805-E9FA-48A5-A9C6-C9E6D35E464D}.Debug-PublishLocal|Any CPU.ActiveCfg = Debug-PublishLocal|Any CPU
		{620E1805-E9FA-48A5-A9C6-C9E6D35E464D}.Debug-PublishLocal|Any CPU.Build.0 = Debug-PublishLocal|Any CPU
		{620E1805-E9FA-48A5-A9C6-C9E6D35E464D}.Release|Any CPU.ActiveCfg = Release|Any CPU
		{620E1805-E9FA-48A5-A9C6-C9E6D35E464D}.Release|Any CPU.Build.0 = Release|Any CPU
		{620E1805-E9FA-48A5-A9C6-C9E6D35E464D}.Release-Publish|Any CPU.ActiveCfg = Release|Any CPU
		{0C89F4A1-763C-49D8-9C7D-F61A0D7E8DDB}.Debug|Any CPU.ActiveCfg = Debug|Any CPU
		{0C89F4A1-763C-49D8-9C7D-F61A0D7E8DDB}.Debug|Any CPU.Build.0 = Debug|Any CPU
		{0C89F4A1-763C-49D8-9C7D-F61A0D7E8DDB}.Debug-Publish|Any CPU.ActiveCfg = Debug|Any CPU
		{0C89F4A1-763C-49D8-9C7D-F61A0D7E8DDB}.Debug-Publish|Any CPU.Build.0 = Debug|Any CPU
		{0C89F4A1-763C-49D8-9C7D-F61A0D7E8DDB}.Debug-PublishLocal|Any CPU.ActiveCfg = Debug|Any CPU
		{0C89F4A1-763C-49D8-9C7D-F61A0D7E8DDB}.Debug-PublishLocal|Any CPU.Build.0 = Debug|Any CPU
		{0C89F4A1-763C-49D8-9C7D-F61A0D7E8DDB}.Release|Any CPU.ActiveCfg = Release|Any CPU
		{0C89F4A1-763C-49D8-9C7D-F61A0D7E8DDB}.Release-Publish|Any CPU.ActiveCfg = Release|Any CPU
		{F18128DA-4581-4F17-A1B5-56A527A4D785}.Debug|Any CPU.ActiveCfg = Debug|Any CPU
		{F18128DA-4581-4F17-A1B5-56A527A4D785}.Debug|Any CPU.Build.0 = Debug|Any CPU
		{F18128DA-4581-4F17-A1B5-56A527A4D785}.Debug-Publish|Any CPU.ActiveCfg = Debug|Any CPU
		{F18128DA-4581-4F17-A1B5-56A527A4D785}.Debug-Publish|Any CPU.Build.0 = Debug|Any CPU
		{F18128DA-4581-4F17-A1B5-56A527A4D785}.Debug-PublishLocal|Any CPU.ActiveCfg = Debug|Any CPU
		{F18128DA-4581-4F17-A1B5-56A527A4D785}.Debug-PublishLocal|Any CPU.Build.0 = Debug|Any CPU
		{F18128DA-4581-4F17-A1B5-56A527A4D785}.Release|Any CPU.ActiveCfg = Release|Any CPU
		{F18128DA-4581-4F17-A1B5-56A527A4D785}.Release-Publish|Any CPU.ActiveCfg = Release|Any CPU
		{F51B9E79-4EAB-4F7C-9575-18F574DD6FD1}.Debug|Any CPU.ActiveCfg = Debug|Any CPU
		{F51B9E79-4EAB-4F7C-9575-18F574DD6FD1}.Debug|Any CPU.Build.0 = Debug|Any CPU
		{F51B9E79-4EAB-4F7C-9575-18F574DD6FD1}.Debug-Publish|Any CPU.ActiveCfg = Debug-Publish|Any CPU
		{F51B9E79-4EAB-4F7C-9575-18F574DD6FD1}.Debug-Publish|Any CPU.Build.0 = Debug-Publish|Any CPU
		{F51B9E79-4EAB-4F7C-9575-18F574DD6FD1}.Debug-PublishLocal|Any CPU.ActiveCfg = Debug-PublishLocal|Any CPU
		{F51B9E79-4EAB-4F7C-9575-18F574DD6FD1}.Debug-PublishLocal|Any CPU.Build.0 = Debug-PublishLocal|Any CPU
		{F51B9E79-4EAB-4F7C-9575-18F574DD6FD1}.Release|Any CPU.ActiveCfg = Release|Any CPU
		{F51B9E79-4EAB-4F7C-9575-18F574DD6FD1}.Release|Any CPU.Build.0 = Release|Any CPU
		{F51B9E79-4EAB-4F7C-9575-18F574DD6FD1}.Release-Publish|Any CPU.ActiveCfg = Release|Any CPU
		{F51B9E79-4EAB-4F7C-9575-18F574DD6FD1}.Release-Publish|Any CPU.Build.0 = Release|Any CPU
		{6F9B8B04-7ECA-4657-AF02-EC2199295DF8}.Debug|Any CPU.ActiveCfg = Debug|Any CPU
		{6F9B8B04-7ECA-4657-AF02-EC2199295DF8}.Debug|Any CPU.Build.0 = Debug|Any CPU
		{6F9B8B04-7ECA-4657-AF02-EC2199295DF8}.Debug-Publish|Any CPU.ActiveCfg = Debug-Publish|Any CPU
		{6F9B8B04-7ECA-4657-AF02-EC2199295DF8}.Debug-Publish|Any CPU.Build.0 = Debug-Publish|Any CPU
		{6F9B8B04-7ECA-4657-AF02-EC2199295DF8}.Debug-PublishLocal|Any CPU.ActiveCfg = Debug-PublishLocal|Any CPU
		{6F9B8B04-7ECA-4657-AF02-EC2199295DF8}.Debug-PublishLocal|Any CPU.Build.0 = Debug-PublishLocal|Any CPU
		{6F9B8B04-7ECA-4657-AF02-EC2199295DF8}.Release|Any CPU.ActiveCfg = Release|Any CPU
		{6F9B8B04-7ECA-4657-AF02-EC2199295DF8}.Release|Any CPU.Build.0 = Release|Any CPU
		{6F9B8B04-7ECA-4657-AF02-EC2199295DF8}.Release-Publish|Any CPU.ActiveCfg = Release|Any CPU
		{6F9B8B04-7ECA-4657-AF02-EC2199295DF8}.Release-Publish|Any CPU.Build.0 = Release|Any CPU
		{C757E24B-73F9-419D-9DBF-58111F5B9570}.Debug|Any CPU.ActiveCfg = Debug|Any CPU
		{C757E24B-73F9-419D-9DBF-58111F5B9570}.Debug|Any CPU.Build.0 = Debug|Any CPU
		{C757E24B-73F9-419D-9DBF-58111F5B9570}.Debug-Publish|Any CPU.ActiveCfg = Debug-Publish|Any CPU
		{C757E24B-73F9-419D-9DBF-58111F5B9570}.Debug-Publish|Any CPU.Build.0 = Debug-Publish|Any CPU
		{C757E24B-73F9-419D-9DBF-58111F5B9570}.Debug-PublishLocal|Any CPU.ActiveCfg = Debug-PublishLocal|Any CPU
		{C757E24B-73F9-419D-9DBF-58111F5B9570}.Debug-PublishLocal|Any CPU.Build.0 = Debug-PublishLocal|Any CPU
		{C757E24B-73F9-419D-9DBF-58111F5B9570}.Release|Any CPU.ActiveCfg = Release|Any CPU
		{C757E24B-73F9-419D-9DBF-58111F5B9570}.Release|Any CPU.Build.0 = Release|Any CPU
		{C757E24B-73F9-419D-9DBF-58111F5B9570}.Release-Publish|Any CPU.ActiveCfg = Release-Publish|Any CPU
		{C757E24B-73F9-419D-9DBF-58111F5B9570}.Release-Publish|Any CPU.Build.0 = Release-Publish|Any CPU
		{254A30EF-4F08-44AC-BA7B-04C2D05AEB23}.Debug|Any CPU.ActiveCfg = Debug|Any CPU
		{254A30EF-4F08-44AC-BA7B-04C2D05AEB23}.Debug|Any CPU.Build.0 = Debug|Any CPU
		{254A30EF-4F08-44AC-BA7B-04C2D05AEB23}.Debug-Publish|Any CPU.ActiveCfg = Debug-Publish|Any CPU
		{254A30EF-4F08-44AC-BA7B-04C2D05AEB23}.Debug-Publish|Any CPU.Build.0 = Debug-Publish|Any CPU
		{254A30EF-4F08-44AC-BA7B-04C2D05AEB23}.Debug-PublishLocal|Any CPU.ActiveCfg = Debug-PublishLocal|Any CPU
		{254A30EF-4F08-44AC-BA7B-04C2D05AEB23}.Debug-PublishLocal|Any CPU.Build.0 = Debug-PublishLocal|Any CPU
		{254A30EF-4F08-44AC-BA7B-04C2D05AEB23}.Release|Any CPU.ActiveCfg = Release|Any CPU
		{254A30EF-4F08-44AC-BA7B-04C2D05AEB23}.Release|Any CPU.Build.0 = Release|Any CPU
		{254A30EF-4F08-44AC-BA7B-04C2D05AEB23}.Release-Publish|Any CPU.ActiveCfg = Release|Any CPU
		{254A30EF-4F08-44AC-BA7B-04C2D05AEB23}.Release-Publish|Any CPU.Build.0 = Release|Any CPU
		{DC106299-465B-48B7-8373-125D496856DE}.Debug|Any CPU.ActiveCfg = Debug|Any CPU
		{DC106299-465B-48B7-8373-125D496856DE}.Debug|Any CPU.Build.0 = Debug|Any CPU
		{DC106299-465B-48B7-8373-125D496856DE}.Debug-Publish|Any CPU.ActiveCfg = Debug-Publish|Any CPU
		{DC106299-465B-48B7-8373-125D496856DE}.Debug-Publish|Any CPU.Build.0 = Debug-Publish|Any CPU
		{DC106299-465B-48B7-8373-125D496856DE}.Debug-PublishLocal|Any CPU.ActiveCfg = Debug-PublishLocal|Any CPU
		{DC106299-465B-48B7-8373-125D496856DE}.Debug-PublishLocal|Any CPU.Build.0 = Debug-PublishLocal|Any CPU
		{DC106299-465B-48B7-8373-125D496856DE}.Release|Any CPU.ActiveCfg = Release|Any CPU
		{DC106299-465B-48B7-8373-125D496856DE}.Release|Any CPU.Build.0 = Release|Any CPU
		{DC106299-465B-48B7-8373-125D496856DE}.Release-Publish|Any CPU.ActiveCfg = Release|Any CPU
		{DC106299-465B-48B7-8373-125D496856DE}.Release-Publish|Any CPU.Build.0 = Release|Any CPU
		{A18977D4-6CF4-4D7E-B9AC-A2771D872991}.Debug|Any CPU.ActiveCfg = Debug|Any CPU
		{A18977D4-6CF4-4D7E-B9AC-A2771D872991}.Debug|Any CPU.Build.0 = Debug|Any CPU
		{A18977D4-6CF4-4D7E-B9AC-A2771D872991}.Debug-Publish|Any CPU.ActiveCfg = Debug|Any CPU
		{A18977D4-6CF4-4D7E-B9AC-A2771D872991}.Debug-Publish|Any CPU.Build.0 = Debug|Any CPU
		{A18977D4-6CF4-4D7E-B9AC-A2771D872991}.Debug-PublishLocal|Any CPU.ActiveCfg = Debug|Any CPU
		{A18977D4-6CF4-4D7E-B9AC-A2771D872991}.Debug-PublishLocal|Any CPU.Build.0 = Debug|Any CPU
		{A18977D4-6CF4-4D7E-B9AC-A2771D872991}.Release|Any CPU.ActiveCfg = Release|Any CPU
		{A18977D4-6CF4-4D7E-B9AC-A2771D872991}.Release-Publish|Any CPU.ActiveCfg = Release|Any CPU
		{179146E4-5E1A-4B33-98C6-FB8BF74CBF76}.Debug|Any CPU.ActiveCfg = Debug|Any CPU
		{179146E4-5E1A-4B33-98C6-FB8BF74CBF76}.Debug|Any CPU.Build.0 = Debug|Any CPU
		{179146E4-5E1A-4B33-98C6-FB8BF74CBF76}.Debug-Publish|Any CPU.ActiveCfg = Debug-Publish|Any CPU
		{179146E4-5E1A-4B33-98C6-FB8BF74CBF76}.Debug-Publish|Any CPU.Build.0 = Debug-Publish|Any CPU
		{179146E4-5E1A-4B33-98C6-FB8BF74CBF76}.Debug-PublishLocal|Any CPU.ActiveCfg = Debug-PublishLocal|Any CPU
		{179146E4-5E1A-4B33-98C6-FB8BF74CBF76}.Debug-PublishLocal|Any CPU.Build.0 = Debug-PublishLocal|Any CPU
		{179146E4-5E1A-4B33-98C6-FB8BF74CBF76}.Release|Any CPU.ActiveCfg = Release|Any CPU
		{179146E4-5E1A-4B33-98C6-FB8BF74CBF76}.Release|Any CPU.Build.0 = Release|Any CPU
		{179146E4-5E1A-4B33-98C6-FB8BF74CBF76}.Release-Publish|Any CPU.ActiveCfg = Release|Any CPU
		{179146E4-5E1A-4B33-98C6-FB8BF74CBF76}.Release-Publish|Any CPU.Build.0 = Release|Any CPU
		{7D5862D3-4DC8-495C-AE5F-46F62F467445}.Debug|Any CPU.ActiveCfg = Debug|Any CPU
		{7D5862D3-4DC8-495C-AE5F-46F62F467445}.Debug|Any CPU.Build.0 = Debug|Any CPU
		{7D5862D3-4DC8-495C-AE5F-46F62F467445}.Debug-Publish|Any CPU.ActiveCfg = Debug-Publish|Any CPU
		{7D5862D3-4DC8-495C-AE5F-46F62F467445}.Debug-Publish|Any CPU.Build.0 = Debug-Publish|Any CPU
		{7D5862D3-4DC8-495C-AE5F-46F62F467445}.Debug-PublishLocal|Any CPU.ActiveCfg = Debug-PublishLocal|Any CPU
		{7D5862D3-4DC8-495C-AE5F-46F62F467445}.Debug-PublishLocal|Any CPU.Build.0 = Debug-PublishLocal|Any CPU
		{7D5862D3-4DC8-495C-AE5F-46F62F467445}.Release|Any CPU.ActiveCfg = Release|Any CPU
		{7D5862D3-4DC8-495C-AE5F-46F62F467445}.Release|Any CPU.Build.0 = Release|Any CPU
		{7D5862D3-4DC8-495C-AE5F-46F62F467445}.Release-Publish|Any CPU.ActiveCfg = Release|Any CPU
		{C37C0074-3464-4C7C-86D3-786B462C12EE}.Debug|Any CPU.ActiveCfg = Debug|Any CPU
		{C37C0074-3464-4C7C-86D3-786B462C12EE}.Debug|Any CPU.Build.0 = Debug|Any CPU
		{C37C0074-3464-4C7C-86D3-786B462C12EE}.Debug-Publish|Any CPU.ActiveCfg = Debug-Publish|Any CPU
		{C37C0074-3464-4C7C-86D3-786B462C12EE}.Debug-Publish|Any CPU.Build.0 = Debug-Publish|Any CPU
		{C37C0074-3464-4C7C-86D3-786B462C12EE}.Debug-PublishLocal|Any CPU.ActiveCfg = Debug-PublishLocal|Any CPU
		{C37C0074-3464-4C7C-86D3-786B462C12EE}.Debug-PublishLocal|Any CPU.Build.0 = Debug-PublishLocal|Any CPU
		{C37C0074-3464-4C7C-86D3-786B462C12EE}.Release|Any CPU.ActiveCfg = Release|Any CPU
		{C37C0074-3464-4C7C-86D3-786B462C12EE}.Release|Any CPU.Build.0 = Release|Any CPU
		{C37C0074-3464-4C7C-86D3-786B462C12EE}.Release-Publish|Any CPU.ActiveCfg = Release|Any CPU
		{C37C0074-3464-4C7C-86D3-786B462C12EE}.Release-Publish|Any CPU.Build.0 = Release|Any CPU
		{DD13B478-E62E-454A-B914-B7F1B775E578}.Debug|Any CPU.ActiveCfg = Debug|Any CPU
		{DD13B478-E62E-454A-B914-B7F1B775E578}.Debug|Any CPU.Build.0 = Debug|Any CPU
		{DD13B478-E62E-454A-B914-B7F1B775E578}.Debug-Publish|Any CPU.ActiveCfg = Debug-Publish|Any CPU
		{DD13B478-E62E-454A-B914-B7F1B775E578}.Debug-Publish|Any CPU.Build.0 = Debug-Publish|Any CPU
		{DD13B478-E62E-454A-B914-B7F1B775E578}.Debug-PublishLocal|Any CPU.ActiveCfg = Debug-PublishLocal|Any CPU
		{DD13B478-E62E-454A-B914-B7F1B775E578}.Debug-PublishLocal|Any CPU.Build.0 = Debug-PublishLocal|Any CPU
		{DD13B478-E62E-454A-B914-B7F1B775E578}.Release|Any CPU.ActiveCfg = Release|Any CPU
		{DD13B478-E62E-454A-B914-B7F1B775E578}.Release|Any CPU.Build.0 = Release|Any CPU
		{DD13B478-E62E-454A-B914-B7F1B775E578}.Release-Publish|Any CPU.ActiveCfg = Release|Any CPU
		{DD13B478-E62E-454A-B914-B7F1B775E578}.Release-Publish|Any CPU.Build.0 = Release|Any CPU
	EndGlobalSection
	GlobalSection(SolutionProperties) = preSolution
		HideSolutionNode = FALSE
	EndGlobalSection
	GlobalSection(NestedProjects) = preSolution
		{77706828-80BE-4BAC-A97C-072E101D01DE} = {DB2C9D58-DF3F-4361-ACE4-EF1219AD1810}
		{620E1805-E9FA-48A5-A9C6-C9E6D35E464D} = {8D80435C-F7CE-46FE-82F0-58F0D5282344}
		{967AFAA3-DED3-4EC0-9401-7193B318FCE8} = {D74BF4B6-D008-4124-B4F5-DAEA45272A78}
		{0C89F4A1-763C-49D8-9C7D-F61A0D7E8DDB} = {19EC529F-C50D-4A09-8B2A-70E21B642109}
		{F18128DA-4581-4F17-A1B5-56A527A4D785} = {19EC529F-C50D-4A09-8B2A-70E21B642109}
		{F51B9E79-4EAB-4F7C-9575-18F574DD6FD1} = {D62BF4A9-E484-4F39-B40F-7103D5AEABA8}
		{6F9B8B04-7ECA-4657-AF02-EC2199295DF8} = {D62BF4A9-E484-4F39-B40F-7103D5AEABA8}
		{C757E24B-73F9-419D-9DBF-58111F5B9570} = {D62BF4A9-E484-4F39-B40F-7103D5AEABA8}
		{F7B14AEA-6C0A-4343-81AE-FB06DCD9C69C} = {D74BF4B6-D008-4124-B4F5-DAEA45272A78}
		{75E18028-6D7C-47CC-B8C2-9BB5A0151523} = {B80D3805-8722-4877-AF4E-C7763C850A9E}
		{254A30EF-4F08-44AC-BA7B-04C2D05AEB23} = {8D80435C-F7CE-46FE-82F0-58F0D5282344}
		{DC106299-465B-48B7-8373-125D496856DE} = {8D80435C-F7CE-46FE-82F0-58F0D5282344}
		{0AEB6508-6179-44E8-96E6-6535659AE85D} = {D74BF4B6-D008-4124-B4F5-DAEA45272A78}
		{A18977D4-6CF4-4D7E-B9AC-A2771D872991} = {19EC529F-C50D-4A09-8B2A-70E21B642109}
		{179146E4-5E1A-4B33-98C6-FB8BF74CBF76} = {D62BF4A9-E484-4F39-B40F-7103D5AEABA8}
		{7D5862D3-4DC8-495C-AE5F-46F62F467445} = {D62BF4A9-E484-4F39-B40F-7103D5AEABA8}
		{C37C0074-3464-4C7C-86D3-786B462C12EE} = {D62BF4A9-E484-4F39-B40F-7103D5AEABA8}
		{DD13B478-E62E-454A-B914-B7F1B775E578} = {DB2C9D58-DF3F-4361-ACE4-EF1219AD1810}
		{837EA48D-A64F-4FB9-81E7-06A5183CA0B0} = {B80D3805-8722-4877-AF4E-C7763C850A9E}
	EndGlobalSection
	GlobalSection(ExtensibilityGlobals) = postSolution
		SolutionGuid = {A16C9D23-2B39-4202-8A15-4A3536784E27}
	EndGlobalSection
EndGlobal
