
Microsoft Visual Studio Solution File, Format Version 12.00
# Visual Studio Version 16
VisualStudioVersion = 16.0.28527.54
MinimumVisualStudioVersion = 10.0.40219.1
Project("{2150E333-8FDC-42A3-9474-1A3956D46DE8}") = "Documentation", "Documentation", "{1AF1EDA3-FEAD-4702-8541-26B364AD0C4E}"
	ProjectSection(SolutionItems) = preProject
		..\AUTHORS = ..\AUTHORS
		..\BUGS.md = ..\BUGS.md
		..\CHANGELOG.md = ..\CHANGELOG.md
		..\CONTRIBUTING.md = ..\CONTRIBUTING.md
		..\LICENSE = ..\LICENSE
		..\README.md = ..\README.md
		..\ROADMAP.md = ..\ROADMAP.md
		..\TECHINFO.md = ..\TECHINFO.md
	EndProjectSection
EndProject
Project("{2150E333-8FDC-42A3-9474-1A3956D46DE8}") = "Platform", "Platform", "{DB2C9D58-DF3F-4361-ACE4-EF1219AD1810}"
EndProject
Project("{2150E333-8FDC-42A3-9474-1A3956D46DE8}") = "Shared", "Shared", "{D74BF4B6-D008-4124-B4F5-DAEA45272A78}"
EndProject
Project("{2150E333-8FDC-42A3-9474-1A3956D46DE8}") = "Tests", "Tests", "{19EC529F-C50D-4A09-8B2A-70E21B642109}"
	ProjectSection(SolutionItems) = preProject
		Tests\Directory.Build.targets = Tests\Directory.Build.targets
	EndProjectSection
EndProject
Project("{2150E333-8FDC-42A3-9474-1A3956D46DE8}") = "Utils", "Utils", "{B75874BF-E600-41EF-B756-93A12CCCABA5}"
EndProject
Project("{D954291E-2A0B-460D-934E-DC6B0785DB48}") = "Snippets", "Documentation\Snippets\Snippets.shproj", "{913DB390-BCF2-478D-996E-1B7248425597}"
EndProject
Project("{9A19103F-16F7-4668-BE54-9A1E7A4F7556}") = "MCART", "MCART\MCART.csproj", "{D39B543E-571D-4EA5-B8A2-9F6729C8E689}"
EndProject
Project("{2150E333-8FDC-42A3-9474-1A3956D46DE8}") = "Build", "Build", "{B80D3805-8722-4877-AF4E-C7763C850A9E}"
	ProjectSection(SolutionItems) = preProject
		Directory.Build.props = Directory.Build.props
		Directory.Build.targets = Directory.Build.targets
	EndProjectSection
EndProject
Project("{9A19103F-16F7-4668-BE54-9A1E7A4F7556}") = "WPF", "Platform\WPF\WPF.csproj", "{77706828-80BE-4BAC-A97C-072E101D01DE}"
EndProject
Project("{2150E333-8FDC-42A3-9474-1A3956D46DE8}") = "Lib", "Lib", "{8D80435C-F7CE-46FE-82F0-58F0D5282344}"
	ProjectSection(SolutionItems) = preProject
		Lib\Directory.Build.props = Lib\Directory.Build.props
		Lib\Directory.Build.targets = Lib\Directory.Build.targets
	EndProjectSection
EndProject
Project("{9A19103F-16F7-4668-BE54-9A1E7A4F7556}") = "MCART-Windows", "Lib\MCART-Windows\MCART-Windows.csproj", "{620E1805-E9FA-48A5-A9C6-C9E6D35E464D}"
EndProject
Project("{D954291E-2A0B-460D-934E-DC6B0785DB48}") = "AssemblyInfo", "Shared\AssemblyInfo\AssemblyInfo.shproj", "{967AFAA3-DED3-4EC0-9401-7193B318FCE8}"
EndProject
Project("{9A19103F-16F7-4668-BE54-9A1E7A4F7556}") = "BinUtil", "Utils\BinUtil\BinUtil.csproj", "{E5F8CEEF-9BD3-43C6-9EFA-FFE7AF4E0462}"
EndProject
Project("{9A19103F-16F7-4668-BE54-9A1E7A4F7556}") = "CoreTests", "Tests\CoreTests\CoreTests.csproj", "{0C89F4A1-763C-49D8-9C7D-F61A0D7E8DDB}"
EndProject
Project("{9A19103F-16F7-4668-BE54-9A1E7A4F7556}") = "WpfTests", "Tests\WpfTests\WpfTests.csproj", "{F18128DA-4581-4F17-A1B5-56A527A4D785}"
EndProject
Project("{2150E333-8FDC-42A3-9474-1A3956D46DE8}") = "Examples", "Examples", "{0E7DB819-72E6-4549-BF37-DBE9F453683C}"
	ProjectSection(SolutionItems) = preProject
		Examples\Directory.Build.props = Examples\Directory.Build.props
		Examples\Directory.Build.targets = Examples\Directory.Build.targets
	EndProjectSection
EndProject
Project("{9A19103F-16F7-4668-BE54-9A1E7A4F7556}") = "VmBuilder", "Examples\VmBuilder\VmBuilder.csproj", "{0F84621D-1376-46E5-A989-494D09E56F5D}"
EndProject
Project("{2150E333-8FDC-42A3-9474-1A3956D46DE8}") = "Extensions", "Extensions", "{D62BF4A9-E484-4F39-B40F-7103D5AEABA8}"
	ProjectSection(SolutionItems) = preProject
		Extensions\Directory.Build.props = Extensions\Directory.Build.props
		Extensions\Directory.Build.targets = Extensions\Directory.Build.targets
	EndProjectSection
EndProject
Project("{9A19103F-16F7-4668-BE54-9A1E7A4F7556}") = "ViewModelFactory", "Extensions\ViewModelFactory\ViewModelFactory.csproj", "{F1A220EC-F4B8-4703-907B-F8BF9B26154E}"
EndProject
Project("{9A19103F-16F7-4668-BE54-9A1E7A4F7556}") = "TypeFactory", "Extensions\TypeFactory\TypeFactory.csproj", "{F51B9E79-4EAB-4F7C-9575-18F574DD6FD1}"
EndProject
Project("{9A19103F-16F7-4668-BE54-9A1E7A4F7556}") = "EchoServer", "Examples\EchoServer\EchoServer.csproj", "{95F1DD43-C18D-4F30-B25C-173C936A38A9}"
EndProject
Project("{9A19103F-16F7-4668-BE54-9A1E7A4F7556}") = "PictVGA", "Examples\PictVGA\PictVGA.csproj", "{5CFED774-9D55-4268-8FFE-F560982EB620}"
EndProject
Project("{9A19103F-16F7-4668-BE54-9A1E7A4F7556}") = "PrismLike", "Extensions\PrismLike\PrismLike.csproj", "{6F9B8B04-7ECA-4657-AF02-EC2199295DF8}"
EndProject
Project("{2150E333-8FDC-42A3-9474-1A3956D46DE8}") = "LightChat", "LightChat", "{3D07E538-7047-49F5-AE93-07C85E20581A}"
EndProject
Project("{9A19103F-16F7-4668-BE54-9A1E7A4F7556}") = "LightChatServer", "Examples\LightChat\LightChatServer\LightChatServer.csproj", "{0A814BF9-E7FB-4BA6-BC90-61B1AA78E638}"
EndProject
Project("{D954291E-2A0B-460D-934E-DC6B0785DB48}") = "Common", "Examples\LightChat\Common\Common.shproj", "{1459CF01-8F9B-47B1-A3F2-57E1F84D9D0E}"
EndProject
Project("{9A19103F-16F7-4668-BE54-9A1E7A4F7556}") = "LightChatClient", "Examples\LightChat\LightChatClient\LightChatClient.csproj", "{8F93307C-81D3-4308-A8F5-24940290572D}"
EndProject
Project("{9A19103F-16F7-4668-BE54-9A1E7A4F7556}") = "XamlArt", "Utils\XamlArt\XamlArt.csproj", "{0BB0A1D0-9579-491F-8874-F86514C2BCC0}"
EndProject
Project("{9A19103F-16F7-4668-BE54-9A1E7A4F7556}") = "ComplexTypes", "Extensions\ComplexTypes\ComplexTypes.csproj", "{C757E24B-73F9-419D-9DBF-58111F5B9570}"
EndProject
Project("{9A19103F-16F7-4668-BE54-9A1E7A4F7556}") = "Cmd", "Platform\Cmd\Cmd.csproj", "{DFC56490-E51A-4DFF-ACDB-D27C37BE66E1}"
EndProject
Project("{D954291E-2A0B-460D-934E-DC6B0785DB48}") = "Internals", "Shared\Internals\Internals.shproj", "{F7B14AEA-6C0A-4343-81AE-FB06DCD9C69C}"
EndProject
Project("{9A19103F-16F7-4668-BE54-9A1E7A4F7556}") = "Consoleer", "Examples\Consoleer\Consoleer.csproj", "{AA5DAAB0-20AF-4967-B592-E494124276E2}"
EndProject
Project("{2150E333-8FDC-42A3-9474-1A3956D46DE8}") = "Targets", "Targets", "{75E18028-6D7C-47CC-B8C2-9BB5A0151523}"
	ProjectSection(SolutionItems) = preProject
		Targets\BuildPaths.props = Targets\BuildPaths.props
		Targets\CompileOptions.targets = Targets\CompileOptions.targets
		Targets\GlobalDirectives.targets = Targets\GlobalDirectives.targets
		Targets\PackageInfo.props = Targets\PackageInfo.props
		Targets\PackageVersion.props = Targets\PackageVersion.props
		Targets\Publish.targets = Targets\Publish.targets
		Targets\Shared.targets = Targets\Shared.targets
	EndProjectSection
EndProject
Project("{9A19103F-16F7-4668-BE54-9A1E7A4F7556}") = "PluginSupport", "Extensions\PluginSupport\PluginSupport.csproj", "{A044B63B-DAFE-4E49-967A-56C0F0A50282}"
EndProject
Project("{9A19103F-16F7-4668-BE54-9A1E7A4F7556}") = "MCART-GUI", "Lib\MCART-GUI\MCART-GUI.csproj", "{254A30EF-4F08-44AC-BA7B-04C2D05AEB23}"
EndProject
Project("{9A19103F-16F7-4668-BE54-9A1E7A4F7556}") = "MCART-UI", "Lib\MCART-UI\MCART-UI.csproj", "{DC106299-465B-48B7-8373-125D496856DE}"
EndProject
Global
	GlobalSection(SharedMSBuildProjectFiles) = preSolution
		Examples\LightChat\Common\Common.projitems*{1459cf01-8f9b-47b1-a3f2-57e1f84d9d0e}*SharedItemsImports = 13
		Shared\AssemblyInfo\AssemblyInfo.projitems*{77706828-80be-4bac-a97c-072e101d01de}*SharedItemsImports = 4
		Documentation\Snippets\Snippets.projitems*{913db390-bcf2-478d-996e-1b7248425597}*SharedItemsImports = 13
		Shared\AssemblyInfo\AssemblyInfo.projitems*{967afaa3-ded3-4ec0-9401-7193b318fce8}*SharedItemsImports = 13
		Shared\Internals\Internals.projitems*{f7b14aea-6c0a-4343-81ae-fb06dcd9c69c}*SharedItemsImports = 13
	EndGlobalSection
	GlobalSection(SolutionConfigurationPlatforms) = preSolution
		Debug|Any CPU = Debug|Any CPU
		Debug-Publish|Any CPU = Debug-Publish|Any CPU
		Debug-PublishLocal|Any CPU = Debug-PublishLocal|Any CPU
		Release|Any CPU = Release|Any CPU
	EndGlobalSection
	GlobalSection(ProjectConfigurationPlatforms) = postSolution
		{D39B543E-571D-4EA5-B8A2-9F6729C8E689}.Debug|Any CPU.ActiveCfg = Debug|Any CPU
		{D39B543E-571D-4EA5-B8A2-9F6729C8E689}.Debug|Any CPU.Build.0 = Debug|Any CPU
		{D39B543E-571D-4EA5-B8A2-9F6729C8E689}.Debug-Publish|Any CPU.ActiveCfg = Debug-Publish|Any CPU
		{D39B543E-571D-4EA5-B8A2-9F6729C8E689}.Debug-Publish|Any CPU.Build.0 = Debug-Publish|Any CPU
		{D39B543E-571D-4EA5-B8A2-9F6729C8E689}.Debug-PublishLocal|Any CPU.ActiveCfg = Debug-PublishLocal|Any CPU
		{D39B543E-571D-4EA5-B8A2-9F6729C8E689}.Debug-PublishLocal|Any CPU.Build.0 = Debug-PublishLocal|Any CPU
		{D39B543E-571D-4EA5-B8A2-9F6729C8E689}.Release|Any CPU.ActiveCfg = Release|Any CPU
		{D39B543E-571D-4EA5-B8A2-9F6729C8E689}.Release|Any CPU.Build.0 = Release|Any CPU
		{77706828-80BE-4BAC-A97C-072E101D01DE}.Debug|Any CPU.ActiveCfg = Debug|Any CPU
		{77706828-80BE-4BAC-A97C-072E101D01DE}.Debug|Any CPU.Build.0 = Debug|Any CPU
		{77706828-80BE-4BAC-A97C-072E101D01DE}.Debug-Publish|Any CPU.ActiveCfg = Debug-Publish|Any CPU
		{77706828-80BE-4BAC-A97C-072E101D01DE}.Debug-Publish|Any CPU.Build.0 = Debug-Publish|Any CPU
		{77706828-80BE-4BAC-A97C-072E101D01DE}.Debug-PublishLocal|Any CPU.ActiveCfg = Debug-PublishLocal|Any CPU
		{77706828-80BE-4BAC-A97C-072E101D01DE}.Debug-PublishLocal|Any CPU.Build.0 = Debug-PublishLocal|Any CPU
		{77706828-80BE-4BAC-A97C-072E101D01DE}.Release|Any CPU.ActiveCfg = Release|Any CPU
		{77706828-80BE-4BAC-A97C-072E101D01DE}.Release|Any CPU.Build.0 = Release|Any CPU
		{620E1805-E9FA-48A5-A9C6-C9E6D35E464D}.Debug|Any CPU.ActiveCfg = Debug|Any CPU
		{620E1805-E9FA-48A5-A9C6-C9E6D35E464D}.Debug|Any CPU.Build.0 = Debug|Any CPU
		{620E1805-E9FA-48A5-A9C6-C9E6D35E464D}.Debug-Publish|Any CPU.ActiveCfg = Debug-Publish|Any CPU
		{620E1805-E9FA-48A5-A9C6-C9E6D35E464D}.Debug-Publish|Any CPU.Build.0 = Debug-Publish|Any CPU
		{620E1805-E9FA-48A5-A9C6-C9E6D35E464D}.Debug-PublishLocal|Any CPU.ActiveCfg = Debug-PublishLocal|Any CPU
		{620E1805-E9FA-48A5-A9C6-C9E6D35E464D}.Debug-PublishLocal|Any CPU.Build.0 = Debug-PublishLocal|Any CPU
		{620E1805-E9FA-48A5-A9C6-C9E6D35E464D}.Release|Any CPU.ActiveCfg = Release|Any CPU
		{620E1805-E9FA-48A5-A9C6-C9E6D35E464D}.Release|Any CPU.Build.0 = Release|Any CPU
		{E5F8CEEF-9BD3-43C6-9EFA-FFE7AF4E0462}.Debug|Any CPU.ActiveCfg = Debug|Any CPU
		{E5F8CEEF-9BD3-43C6-9EFA-FFE7AF4E0462}.Debug|Any CPU.Build.0 = Debug|Any CPU
		{E5F8CEEF-9BD3-43C6-9EFA-FFE7AF4E0462}.Debug-Publish|Any CPU.ActiveCfg = Debug-Publish|Any CPU
		{E5F8CEEF-9BD3-43C6-9EFA-FFE7AF4E0462}.Debug-Publish|Any CPU.Build.0 = Debug-Publish|Any CPU
		{E5F8CEEF-9BD3-43C6-9EFA-FFE7AF4E0462}.Debug-PublishLocal|Any CPU.ActiveCfg = Debug-PublishLocal|Any CPU
		{E5F8CEEF-9BD3-43C6-9EFA-FFE7AF4E0462}.Debug-PublishLocal|Any CPU.Build.0 = Debug-PublishLocal|Any CPU
		{E5F8CEEF-9BD3-43C6-9EFA-FFE7AF4E0462}.Release|Any CPU.ActiveCfg = Release|Any CPU
		{0C89F4A1-763C-49D8-9C7D-F61A0D7E8DDB}.Debug|Any CPU.ActiveCfg = Debug|Any CPU
		{0C89F4A1-763C-49D8-9C7D-F61A0D7E8DDB}.Debug|Any CPU.Build.0 = Debug|Any CPU
		{0C89F4A1-763C-49D8-9C7D-F61A0D7E8DDB}.Debug-Publish|Any CPU.ActiveCfg = Debug|Any CPU
		{0C89F4A1-763C-49D8-9C7D-F61A0D7E8DDB}.Debug-Publish|Any CPU.Build.0 = Debug|Any CPU
		{0C89F4A1-763C-49D8-9C7D-F61A0D7E8DDB}.Debug-PublishLocal|Any CPU.ActiveCfg = Debug|Any CPU
		{0C89F4A1-763C-49D8-9C7D-F61A0D7E8DDB}.Debug-PublishLocal|Any CPU.Build.0 = Debug|Any CPU
		{0C89F4A1-763C-49D8-9C7D-F61A0D7E8DDB}.Release|Any CPU.ActiveCfg = Release|Any CPU
		{0C89F4A1-763C-49D8-9C7D-F61A0D7E8DDB}.Release|Any CPU.Build.0 = Release|Any CPU
		{F18128DA-4581-4F17-A1B5-56A527A4D785}.Debug|Any CPU.ActiveCfg = Debug|Any CPU
		{F18128DA-4581-4F17-A1B5-56A527A4D785}.Debug|Any CPU.Build.0 = Debug|Any CPU
		{F18128DA-4581-4F17-A1B5-56A527A4D785}.Debug-Publish|Any CPU.ActiveCfg = Debug|Any CPU
		{F18128DA-4581-4F17-A1B5-56A527A4D785}.Debug-Publish|Any CPU.Build.0 = Debug|Any CPU
		{F18128DA-4581-4F17-A1B5-56A527A4D785}.Debug-PublishLocal|Any CPU.ActiveCfg = Debug|Any CPU
		{F18128DA-4581-4F17-A1B5-56A527A4D785}.Debug-PublishLocal|Any CPU.Build.0 = Debug|Any CPU
		{F18128DA-4581-4F17-A1B5-56A527A4D785}.Release|Any CPU.ActiveCfg = Release|Any CPU
		{F18128DA-4581-4F17-A1B5-56A527A4D785}.Release|Any CPU.Build.0 = Release|Any CPU
		{0F84621D-1376-46E5-A989-494D09E56F5D}.Debug|Any CPU.ActiveCfg = Debug|Any CPU
		{0F84621D-1376-46E5-A989-494D09E56F5D}.Debug|Any CPU.Build.0 = Debug|Any CPU
		{0F84621D-1376-46E5-A989-494D09E56F5D}.Debug-Publish|Any CPU.ActiveCfg = Debug|Any CPU
		{0F84621D-1376-46E5-A989-494D09E56F5D}.Debug-Publish|Any CPU.Build.0 = Debug|Any CPU
		{0F84621D-1376-46E5-A989-494D09E56F5D}.Debug-PublishLocal|Any CPU.ActiveCfg = Debug|Any CPU
		{0F84621D-1376-46E5-A989-494D09E56F5D}.Debug-PublishLocal|Any CPU.Build.0 = Debug|Any CPU
		{0F84621D-1376-46E5-A989-494D09E56F5D}.Release|Any CPU.ActiveCfg = Release|Any CPU
		{F1A220EC-F4B8-4703-907B-F8BF9B26154E}.Debug|Any CPU.ActiveCfg = Debug|Any CPU
		{F1A220EC-F4B8-4703-907B-F8BF9B26154E}.Debug|Any CPU.Build.0 = Debug|Any CPU
		{F1A220EC-F4B8-4703-907B-F8BF9B26154E}.Debug-Publish|Any CPU.ActiveCfg = Debug-Publish|Any CPU
		{F1A220EC-F4B8-4703-907B-F8BF9B26154E}.Debug-Publish|Any CPU.Build.0 = Debug-Publish|Any CPU
		{F1A220EC-F4B8-4703-907B-F8BF9B26154E}.Debug-PublishLocal|Any CPU.ActiveCfg = Debug-PublishLocal|Any CPU
		{F1A220EC-F4B8-4703-907B-F8BF9B26154E}.Debug-PublishLocal|Any CPU.Build.0 = Debug-PublishLocal|Any CPU
		{F1A220EC-F4B8-4703-907B-F8BF9B26154E}.Release|Any CPU.ActiveCfg = Release|Any CPU
		{F1A220EC-F4B8-4703-907B-F8BF9B26154E}.Release|Any CPU.Build.0 = Release|Any CPU
		{F51B9E79-4EAB-4F7C-9575-18F574DD6FD1}.Debug|Any CPU.ActiveCfg = Debug|Any CPU
		{F51B9E79-4EAB-4F7C-9575-18F574DD6FD1}.Debug|Any CPU.Build.0 = Debug|Any CPU
		{F51B9E79-4EAB-4F7C-9575-18F574DD6FD1}.Debug-Publish|Any CPU.ActiveCfg = Debug-Publish|Any CPU
		{F51B9E79-4EAB-4F7C-9575-18F574DD6FD1}.Debug-Publish|Any CPU.Build.0 = Debug-Publish|Any CPU
		{F51B9E79-4EAB-4F7C-9575-18F574DD6FD1}.Debug-PublishLocal|Any CPU.ActiveCfg = Debug-PublishLocal|Any CPU
		{F51B9E79-4EAB-4F7C-9575-18F574DD6FD1}.Debug-PublishLocal|Any CPU.Build.0 = Debug-PublishLocal|Any CPU
		{F51B9E79-4EAB-4F7C-9575-18F574DD6FD1}.Release|Any CPU.ActiveCfg = Release|Any CPU
		{F51B9E79-4EAB-4F7C-9575-18F574DD6FD1}.Release|Any CPU.Build.0 = Release|Any CPU
		{95F1DD43-C18D-4F30-B25C-173C936A38A9}.Debug|Any CPU.ActiveCfg = Debug|Any CPU
		{95F1DD43-C18D-4F30-B25C-173C936A38A9}.Debug|Any CPU.Build.0 = Debug|Any CPU
		{95F1DD43-C18D-4F30-B25C-173C936A38A9}.Debug-Publish|Any CPU.ActiveCfg = Debug|Any CPU
		{95F1DD43-C18D-4F30-B25C-173C936A38A9}.Debug-Publish|Any CPU.Build.0 = Debug|Any CPU
		{95F1DD43-C18D-4F30-B25C-173C936A38A9}.Debug-PublishLocal|Any CPU.ActiveCfg = Debug|Any CPU
		{95F1DD43-C18D-4F30-B25C-173C936A38A9}.Debug-PublishLocal|Any CPU.Build.0 = Debug|Any CPU
		{95F1DD43-C18D-4F30-B25C-173C936A38A9}.Release|Any CPU.ActiveCfg = Release|Any CPU
		{5CFED774-9D55-4268-8FFE-F560982EB620}.Debug|Any CPU.ActiveCfg = Debug|Any CPU
		{5CFED774-9D55-4268-8FFE-F560982EB620}.Debug|Any CPU.Build.0 = Debug|Any CPU
		{5CFED774-9D55-4268-8FFE-F560982EB620}.Debug-Publish|Any CPU.ActiveCfg = Debug|Any CPU
		{5CFED774-9D55-4268-8FFE-F560982EB620}.Debug-Publish|Any CPU.Build.0 = Debug|Any CPU
		{5CFED774-9D55-4268-8FFE-F560982EB620}.Debug-PublishLocal|Any CPU.ActiveCfg = Debug|Any CPU
		{5CFED774-9D55-4268-8FFE-F560982EB620}.Debug-PublishLocal|Any CPU.Build.0 = Debug|Any CPU
		{5CFED774-9D55-4268-8FFE-F560982EB620}.Release|Any CPU.ActiveCfg = Release|Any CPU
		{6F9B8B04-7ECA-4657-AF02-EC2199295DF8}.Debug|Any CPU.ActiveCfg = Debug|Any CPU
		{6F9B8B04-7ECA-4657-AF02-EC2199295DF8}.Debug|Any CPU.Build.0 = Debug|Any CPU
		{6F9B8B04-7ECA-4657-AF02-EC2199295DF8}.Debug-Publish|Any CPU.ActiveCfg = Debug-Publish|Any CPU
		{6F9B8B04-7ECA-4657-AF02-EC2199295DF8}.Debug-Publish|Any CPU.Build.0 = Debug-Publish|Any CPU
		{6F9B8B04-7ECA-4657-AF02-EC2199295DF8}.Debug-PublishLocal|Any CPU.ActiveCfg = Debug-PublishLocal|Any CPU
		{6F9B8B04-7ECA-4657-AF02-EC2199295DF8}.Debug-PublishLocal|Any CPU.Build.0 = Debug-PublishLocal|Any CPU
		{6F9B8B04-7ECA-4657-AF02-EC2199295DF8}.Release|Any CPU.ActiveCfg = Release|Any CPU
		{6F9B8B04-7ECA-4657-AF02-EC2199295DF8}.Release|Any CPU.Build.0 = Release|Any CPU
		{0A814BF9-E7FB-4BA6-BC90-61B1AA78E638}.Debug|Any CPU.ActiveCfg = Debug|Any CPU
		{0A814BF9-E7FB-4BA6-BC90-61B1AA78E638}.Debug|Any CPU.Build.0 = Debug|Any CPU
		{0A814BF9-E7FB-4BA6-BC90-61B1AA78E638}.Debug-Publish|Any CPU.ActiveCfg = Debug|Any CPU
		{0A814BF9-E7FB-4BA6-BC90-61B1AA78E638}.Debug-Publish|Any CPU.Build.0 = Debug|Any CPU
		{0A814BF9-E7FB-4BA6-BC90-61B1AA78E638}.Debug-PublishLocal|Any CPU.ActiveCfg = Debug|Any CPU
		{0A814BF9-E7FB-4BA6-BC90-61B1AA78E638}.Debug-PublishLocal|Any CPU.Build.0 = Debug|Any CPU
		{0A814BF9-E7FB-4BA6-BC90-61B1AA78E638}.Release|Any CPU.ActiveCfg = Release|Any CPU
		{0A814BF9-E7FB-4BA6-BC90-61B1AA78E638}.Release|Any CPU.Build.0 = Release|Any CPU
		{8F93307C-81D3-4308-A8F5-24940290572D}.Debug|Any CPU.ActiveCfg = Debug|Any CPU
		{8F93307C-81D3-4308-A8F5-24940290572D}.Debug|Any CPU.Build.0 = Debug|Any CPU
		{8F93307C-81D3-4308-A8F5-24940290572D}.Debug-Publish|Any CPU.ActiveCfg = Debug|Any CPU
		{8F93307C-81D3-4308-A8F5-24940290572D}.Debug-Publish|Any CPU.Build.0 = Debug|Any CPU
		{8F93307C-81D3-4308-A8F5-24940290572D}.Debug-PublishLocal|Any CPU.ActiveCfg = Debug|Any CPU
		{8F93307C-81D3-4308-A8F5-24940290572D}.Debug-PublishLocal|Any CPU.Build.0 = Debug|Any CPU
		{8F93307C-81D3-4308-A8F5-24940290572D}.Release|Any CPU.ActiveCfg = Release|Any CPU
		{8F93307C-81D3-4308-A8F5-24940290572D}.Release|Any CPU.Build.0 = Release|Any CPU
		{0BB0A1D0-9579-491F-8874-F86514C2BCC0}.Debug|Any CPU.ActiveCfg = Debug|Any CPU
		{0BB0A1D0-9579-491F-8874-F86514C2BCC0}.Debug|Any CPU.Build.0 = Debug|Any CPU
		{0BB0A1D0-9579-491F-8874-F86514C2BCC0}.Debug-Publish|Any CPU.ActiveCfg = Debug-Publish|Any CPU
		{0BB0A1D0-9579-491F-8874-F86514C2BCC0}.Debug-Publish|Any CPU.Build.0 = Debug-Publish|Any CPU
		{0BB0A1D0-9579-491F-8874-F86514C2BCC0}.Debug-PublishLocal|Any CPU.ActiveCfg = Debug-PublishLocal|Any CPU
		{0BB0A1D0-9579-491F-8874-F86514C2BCC0}.Debug-PublishLocal|Any CPU.Build.0 = Debug-PublishLocal|Any CPU
		{0BB0A1D0-9579-491F-8874-F86514C2BCC0}.Release|Any CPU.ActiveCfg = Release|Any CPU
		{0BB0A1D0-9579-491F-8874-F86514C2BCC0}.Release|Any CPU.Build.0 = Release|Any CPU
		{C757E24B-73F9-419D-9DBF-58111F5B9570}.Debug|Any CPU.ActiveCfg = Debug|Any CPU
		{C757E24B-73F9-419D-9DBF-58111F5B9570}.Debug|Any CPU.Build.0 = Debug|Any CPU
		{C757E24B-73F9-419D-9DBF-58111F5B9570}.Debug-Publish|Any CPU.ActiveCfg = Debug-Publish|Any CPU
		{C757E24B-73F9-419D-9DBF-58111F5B9570}.Debug-Publish|Any CPU.Build.0 = Debug-Publish|Any CPU
		{C757E24B-73F9-419D-9DBF-58111F5B9570}.Debug-PublishLocal|Any CPU.ActiveCfg = Debug-PublishLocal|Any CPU
		{C757E24B-73F9-419D-9DBF-58111F5B9570}.Debug-PublishLocal|Any CPU.Build.0 = Debug-PublishLocal|Any CPU
		{C757E24B-73F9-419D-9DBF-58111F5B9570}.Release|Any CPU.ActiveCfg = Release|Any CPU
		{C757E24B-73F9-419D-9DBF-58111F5B9570}.Release|Any CPU.Build.0 = Release|Any CPU
		{DFC56490-E51A-4DFF-ACDB-D27C37BE66E1}.Debug|Any CPU.ActiveCfg = Debug|Any CPU
		{DFC56490-E51A-4DFF-ACDB-D27C37BE66E1}.Debug|Any CPU.Build.0 = Debug|Any CPU
		{DFC56490-E51A-4DFF-ACDB-D27C37BE66E1}.Debug-Publish|Any CPU.ActiveCfg = Debug-Publish|Any CPU
		{DFC56490-E51A-4DFF-ACDB-D27C37BE66E1}.Debug-Publish|Any CPU.Build.0 = Debug-Publish|Any CPU
		{DFC56490-E51A-4DFF-ACDB-D27C37BE66E1}.Debug-PublishLocal|Any CPU.ActiveCfg = Debug-PublishLocal|Any CPU
		{DFC56490-E51A-4DFF-ACDB-D27C37BE66E1}.Debug-PublishLocal|Any CPU.Build.0 = Debug-PublishLocal|Any CPU
		{DFC56490-E51A-4DFF-ACDB-D27C37BE66E1}.Release|Any CPU.ActiveCfg = Release|Any CPU
		{DFC56490-E51A-4DFF-ACDB-D27C37BE66E1}.Release|Any CPU.Build.0 = Release|Any CPU
		{AA5DAAB0-20AF-4967-B592-E494124276E2}.Debug|Any CPU.ActiveCfg = Debug|Any CPU
		{AA5DAAB0-20AF-4967-B592-E494124276E2}.Debug|Any CPU.Build.0 = Debug|Any CPU
		{AA5DAAB0-20AF-4967-B592-E494124276E2}.Debug-Publish|Any CPU.ActiveCfg = Debug|Any CPU
		{AA5DAAB0-20AF-4967-B592-E494124276E2}.Debug-Publish|Any CPU.Build.0 = Debug|Any CPU
		{AA5DAAB0-20AF-4967-B592-E494124276E2}.Debug-PublishLocal|Any CPU.ActiveCfg = Debug|Any CPU
		{AA5DAAB0-20AF-4967-B592-E494124276E2}.Debug-PublishLocal|Any CPU.Build.0 = Debug|Any CPU
		{AA5DAAB0-20AF-4967-B592-E494124276E2}.Release|Any CPU.ActiveCfg = Release|Any CPU
		{AA5DAAB0-20AF-4967-B592-E494124276E2}.Release|Any CPU.Build.0 = Release|Any CPU
		{A044B63B-DAFE-4E49-967A-56C0F0A50282}.Debug|Any CPU.ActiveCfg = Debug|Any CPU
		{A044B63B-DAFE-4E49-967A-56C0F0A50282}.Debug|Any CPU.Build.0 = Debug|Any CPU
		{A044B63B-DAFE-4E49-967A-56C0F0A50282}.Debug-Publish|Any CPU.ActiveCfg = Debug-Publish|Any CPU
		{A044B63B-DAFE-4E49-967A-56C0F0A50282}.Debug-Publish|Any CPU.Build.0 = Debug-Publish|Any CPU
		{A044B63B-DAFE-4E49-967A-56C0F0A50282}.Debug-PublishLocal|Any CPU.ActiveCfg = Debug-PublishLocal|Any CPU
		{A044B63B-DAFE-4E49-967A-56C0F0A50282}.Debug-PublishLocal|Any CPU.Build.0 = Debug-PublishLocal|Any CPU
		{A044B63B-DAFE-4E49-967A-56C0F0A50282}.Release|Any CPU.ActiveCfg = Release|Any CPU
		{A044B63B-DAFE-4E49-967A-56C0F0A50282}.Release|Any CPU.Build.0 = Release|Any CPU
		{254A30EF-4F08-44AC-BA7B-04C2D05AEB23}.Debug|Any CPU.ActiveCfg = Debug|Any CPU
		{254A30EF-4F08-44AC-BA7B-04C2D05AEB23}.Debug|Any CPU.Build.0 = Debug|Any CPU
		{254A30EF-4F08-44AC-BA7B-04C2D05AEB23}.Debug-Publish|Any CPU.ActiveCfg = Debug-Publish|Any CPU
		{254A30EF-4F08-44AC-BA7B-04C2D05AEB23}.Debug-Publish|Any CPU.Build.0 = Debug-Publish|Any CPU
		{254A30EF-4F08-44AC-BA7B-04C2D05AEB23}.Debug-PublishLocal|Any CPU.ActiveCfg = Debug-PublishLocal|Any CPU
		{254A30EF-4F08-44AC-BA7B-04C2D05AEB23}.Debug-PublishLocal|Any CPU.Build.0 = Debug-PublishLocal|Any CPU
		{254A30EF-4F08-44AC-BA7B-04C2D05AEB23}.Release|Any CPU.ActiveCfg = Release|Any CPU
		{254A30EF-4F08-44AC-BA7B-04C2D05AEB23}.Release|Any CPU.Build.0 = Release|Any CPU
		{DC106299-465B-48B7-8373-125D496856DE}.Debug|Any CPU.ActiveCfg = Debug|Any CPU
		{DC106299-465B-48B7-8373-125D496856DE}.Debug|Any CPU.Build.0 = Debug|Any CPU
		{DC106299-465B-48B7-8373-125D496856DE}.Debug-Publish|Any CPU.ActiveCfg = Debug-Publish|Any CPU
		{DC106299-465B-48B7-8373-125D496856DE}.Debug-Publish|Any CPU.Build.0 = Debug-Publish|Any CPU
		{DC106299-465B-48B7-8373-125D496856DE}.Debug-PublishLocal|Any CPU.ActiveCfg = Debug-PublishLocal|Any CPU
		{DC106299-465B-48B7-8373-125D496856DE}.Debug-PublishLocal|Any CPU.Build.0 = Debug-PublishLocal|Any CPU
		{DC106299-465B-48B7-8373-125D496856DE}.Release|Any CPU.ActiveCfg = Release|Any CPU
		{DC106299-465B-48B7-8373-125D496856DE}.Release|Any CPU.Build.0 = Release|Any CPU
	EndGlobalSection
	GlobalSection(SolutionProperties) = preSolution
		HideSolutionNode = FALSE
	EndGlobalSection
	GlobalSection(NestedProjects) = preSolution		
		{913DB390-BCF2-478D-996E-1B7248425597} = {1AF1EDA3-FEAD-4702-8541-26B364AD0C4E}
		{77706828-80BE-4BAC-A97C-072E101D01DE} = {DB2C9D58-DF3F-4361-ACE4-EF1219AD1810}
		{620E1805-E9FA-48A5-A9C6-C9E6D35E464D} = {8D80435C-F7CE-46FE-82F0-58F0D5282344}
		{967AFAA3-DED3-4EC0-9401-7193B318FCE8} = {D74BF4B6-D008-4124-B4F5-DAEA45272A78}
		{E5F8CEEF-9BD3-43C6-9EFA-FFE7AF4E0462} = {B75874BF-E600-41EF-B756-93A12CCCABA5}
		{0C89F4A1-763C-49D8-9C7D-F61A0D7E8DDB} = {19EC529F-C50D-4A09-8B2A-70E21B642109}
		{F18128DA-4581-4F17-A1B5-56A527A4D785} = {19EC529F-C50D-4A09-8B2A-70E21B642109}
		{0F84621D-1376-46E5-A989-494D09E56F5D} = {0E7DB819-72E6-4549-BF37-DBE9F453683C}
		{F1A220EC-F4B8-4703-907B-F8BF9B26154E} = {D62BF4A9-E484-4F39-B40F-7103D5AEABA8}
		{F51B9E79-4EAB-4F7C-9575-18F574DD6FD1} = {D62BF4A9-E484-4F39-B40F-7103D5AEABA8}
		{95F1DD43-C18D-4F30-B25C-173C936A38A9} = {0E7DB819-72E6-4549-BF37-DBE9F453683C}
		{5CFED774-9D55-4268-8FFE-F560982EB620} = {0E7DB819-72E6-4549-BF37-DBE9F453683C}
		{6F9B8B04-7ECA-4657-AF02-EC2199295DF8} = {D62BF4A9-E484-4F39-B40F-7103D5AEABA8}
		{3D07E538-7047-49F5-AE93-07C85E20581A} = {0E7DB819-72E6-4549-BF37-DBE9F453683C}
		{0A814BF9-E7FB-4BA6-BC90-61B1AA78E638} = {3D07E538-7047-49F5-AE93-07C85E20581A}
		{1459CF01-8F9B-47B1-A3F2-57E1F84D9D0E} = {3D07E538-7047-49F5-AE93-07C85E20581A}
		{8F93307C-81D3-4308-A8F5-24940290572D} = {3D07E538-7047-49F5-AE93-07C85E20581A}
		{0BB0A1D0-9579-491F-8874-F86514C2BCC0} = {B75874BF-E600-41EF-B756-93A12CCCABA5}
		{C757E24B-73F9-419D-9DBF-58111F5B9570} = {D62BF4A9-E484-4F39-B40F-7103D5AEABA8}
		{DFC56490-E51A-4DFF-ACDB-D27C37BE66E1} = {DB2C9D58-DF3F-4361-ACE4-EF1219AD1810}
		{F7B14AEA-6C0A-4343-81AE-FB06DCD9C69C} = {D74BF4B6-D008-4124-B4F5-DAEA45272A78}
		{AA5DAAB0-20AF-4967-B592-E494124276E2} = {0E7DB819-72E6-4549-BF37-DBE9F453683C}
		{75E18028-6D7C-47CC-B8C2-9BB5A0151523} = {B80D3805-8722-4877-AF4E-C7763C850A9E}
		{A044B63B-DAFE-4E49-967A-56C0F0A50282} = {D62BF4A9-E484-4F39-B40F-7103D5AEABA8}
		{254A30EF-4F08-44AC-BA7B-04C2D05AEB23} = {8D80435C-F7CE-46FE-82F0-58F0D5282344}
		{DC106299-465B-48B7-8373-125D496856DE} = {8D80435C-F7CE-46FE-82F0-58F0D5282344}
	EndGlobalSection
	GlobalSection(ExtensibilityGlobals) = postSolution
		SolutionGuid = {A16C9D23-2B39-4202-8A15-4A3536784E27}
	EndGlobalSection
EndGlobal
