
Microsoft Visual Studio Solution File, Format Version 12.00
# Visual Studio Version 17
VisualStudioVersion = 17.0.31903.59
MinimumVisualStudioVersion = 10.0.40219.1
Project("{2150E333-8FDC-42A3-9474-1A3956D46DE8}") = "Solution items", "Solution items", "{B3DE9472-6772-4DDB-AA67-038A59C7AE8D}"
	ProjectSection(SolutionItems) = preProject
		.editorconfig = .editorconfig
		publish-docs.ps1 = publish-docs.ps1
	EndProjectSection
EndProject
Project("{2150E333-8FDC-42A3-9474-1A3956D46DE8}") = "Targets", "Targets", "{AE57F09B-53E2-4227-9312-2A76156F446E}"
	ProjectSection(SolutionItems) = preProject
		Targets\BuildPaths.props = Targets\BuildPaths.props
		Targets\CompileOptions.targets = Targets\CompileOptions.targets
		Targets\GlobalDirectives.targets = Targets\GlobalDirectives.targets
		Targets\PackageInfo.props = Targets\PackageInfo.props
		Targets\PackageVersion.props = Targets\PackageVersion.props
		Targets\Shared.targets = Targets\Shared.targets
	EndProjectSection
EndProject
Project("{2150E333-8FDC-42A3-9474-1A3956D46DE8}") = "Docs", "Docs", "{1AD34E3F-73EF-413D-9CD6-EE1AFAA1AFD5}"
	ProjectSection(SolutionItems) = preProject
		..\LICENSE = ..\LICENSE
		..\README.md = ..\README.md
	EndProjectSection
EndProject
Project("{2150E333-8FDC-42A3-9474-1A3956D46DE8}") = "docs", "docs", "{58730E0E-ABC2-40E0-95D1-B49831863FB0}"
	ProjectSection(SolutionItems) = preProject
		..\docs\docfx.json = ..\docs\docfx.json
		..\docs\index.md = ..\docs\index.md
		..\docs\toc.yml = ..\docs\toc.yml
	EndProjectSection
EndProject
Project("{2150E333-8FDC-42A3-9474-1A3956D46DE8}") = "articles", "articles", "{8D205061-EEC6-4A1F-9F9F-E3AB164446B0}"
	ProjectSection(SolutionItems) = preProject
		..\docs\articles\BUGS.md = ..\docs\articles\BUGS.md
		..\docs\articles\CHANGELOG.md = ..\docs\articles\CHANGELOG.md
		..\docs\articles\CONTRIBUTING.md = ..\docs\articles\CONTRIBUTING.md
		..\docs\articles\intro.md = ..\docs\articles\intro.md
		..\docs\articles\ROADMAP.md = ..\docs\articles\ROADMAP.md
		..\docs\articles\TECHINFO.md = ..\docs\articles\TECHINFO.md
		..\docs\articles\toc.yml = ..\docs\articles\toc.yml
	EndProjectSection
EndProject
Project("{2150E333-8FDC-42A3-9474-1A3956D46DE8}") = "api", "api", "{4BFEB87B-3575-457B-AEF0-DF6BFF250578}"
	ProjectSection(SolutionItems) = preProject
		..\docs\api\index.md = ..\docs\api\index.md
	EndProjectSection
EndProject
Project("{2150E333-8FDC-42A3-9474-1A3956D46DE8}") = "art", "art", "{26F54BD0-CB7D-4A31-8D98-230FAA8624B2}"
	ProjectSection(SolutionItems) = preProject
		..\Art\MCART.ico = ..\Art\MCART.ico
		..\Art\MCART.png = ..\Art\MCART.png
		..\Art\MCARTBadge.png = ..\Art\MCARTBadge.png
		..\Art\MCARTPlugin.png = ..\Art\MCARTPlugin.png
	EndProjectSection
EndProject
Project("{2150E333-8FDC-42A3-9474-1A3956D46DE8}") = "CI", "CI", "{28ADBE55-B43C-46E8-BFB5-CD11E91AA5E4}"
EndProject
Project("{2150E333-8FDC-42A3-9474-1A3956D46DE8}") = "GitHub", "GitHub", "{A96B3E63-89F2-44D6-8832-CD6F7AE705E8}"
	ProjectSection(SolutionItems) = preProject
		..\.github\workflows\build.yml = ..\.github\workflows\build.yml
		..\.github\workflows\publish.yml = ..\.github\workflows\publish.yml
	EndProjectSection
EndProject
Project("{2150E333-8FDC-42A3-9474-1A3956D46DE8}") = "vs-snippets", "vs-snippets", "{FA30A0E8-C9F6-4E3E-9E74-419BC848D843}"
	ProjectSection(SolutionItems) = preProject
		..\vs-snippets\cctor.snippet = ..\vs-snippets\cctor.snippet
		..\vs-snippets\nchk.snippet = ..\vs-snippets\nchk.snippet
		..\vs-snippets\obscmd.snippet = ..\vs-snippets\obscmd.snippet
		..\vs-snippets\offendex.snippet = ..\vs-snippets\offendex.snippet
		..\vs-snippets\pnpc.snippet = ..\vs-snippets\pnpc.snippet
		..\vs-snippets\pnpcf.snippet = ..\vs-snippets\pnpcf.snippet
		..\vs-snippets\scstatic.snippet = ..\vs-snippets\scstatic.snippet
		..\vs-snippets\simplecommand.snippet = ..\vs-snippets\simplecommand.snippet
	EndProjectSection
EndProject
Project("{2150E333-8FDC-42A3-9474-1A3956D46DE8}") = "Targets-src", "Targets-src", "{58F0B4D1-47BE-49EF-8B97-CDD2154CA983}"
	ProjectSection(SolutionItems) = preProject
		Directory.Build.props = Directory.Build.props
		Directory.Build.targets = Directory.Build.targets
	EndProjectSection
EndProject
Project("{2150E333-8FDC-42A3-9474-1A3956D46DE8}") = "Extras", "Extras", "{61B4F1EF-FB50-4788-9FEB-7BE032E16EE4}"
	ProjectSection(SolutionItems) = preProject
		Extras\Directory.Build.props = Extras\Directory.Build.props
		Extras\Directory.Build.targets = Extras\Directory.Build.targets
	EndProjectSection
EndProject
Project("{2150E333-8FDC-42A3-9474-1A3956D46DE8}") = "Lib", "Lib", "{DDE61DD5-C986-4075-9DE4-39A2D902541F}"
	ProjectSection(SolutionItems) = preProject
		Lib\Directory.Build.props = Lib\Directory.Build.props
		Lib\Directory.Build.targets = Lib\Directory.Build.targets
	EndProjectSection
EndProject
Project("{2150E333-8FDC-42A3-9474-1A3956D46DE8}") = "Platform", "Platform", "{064CE42F-1F47-4F24-AF64-B82766ED2D8A}"
EndProject
Project("{2150E333-8FDC-42A3-9474-1A3956D46DE8}") = "Avalonia", "Avalonia", "{31C97B59-356C-406B-84C4-4CCB27B8FCC2}"
	ProjectSection(SolutionItems) = preProject
		Platform\Avalonia\Directory.Build.targets = Platform\Avalonia\Directory.Build.targets
	EndProjectSection
EndProject
Project("{2150E333-8FDC-42A3-9474-1A3956D46DE8}") = "Tests", "Tests", "{CC47FE7E-9142-4331-9ECE-E054D0D894D4}"
	ProjectSection(SolutionItems) = preProject
		Tests\Directory.Build.targets = Tests\Directory.Build.targets
	EndProjectSection
EndProject
Project("{2150E333-8FDC-42A3-9474-1A3956D46DE8}") = "Lib", "Lib", "{51B477E4-5C71-40AB-B571-07ED90DB80FC}"
EndProject
Project("{9A19103F-16F7-4668-BE54-9A1E7A4F7556}") = "MCART", "Lib\MCART\MCART.csproj", "{C0C0202D-A37B-4250-BB42-796136346535}"
EndProject
Project("{9A19103F-16F7-4668-BE54-9A1E7A4F7556}") = "MCART.Coloring", "Lib\MCART.Coloring\MCART.Coloring.csproj", "{E794621F-F09B-4E0F-AF70-D038C5BF81D2}"
EndProject
Project("{9A19103F-16F7-4668-BE54-9A1E7A4F7556}") = "MCART.Security", "Lib\MCART.Security\MCART.Security.csproj", "{96F6FD64-BBAB-4513-821D-6EE518274C78}"
EndProject
Project("{9A19103F-16F7-4668-BE54-9A1E7A4F7556}") = "MCART.TypeFactory", "Lib\MCART.TypeFactory\MCART.TypeFactory.csproj", "{601C6545-E47B-4495-B166-E6F3D38C8FCC}"
EndProject
Project("{9A19103F-16F7-4668-BE54-9A1E7A4F7556}") = "MCART.Mvvm", "Lib\MCART.Mvvm\MCART.Mvvm.csproj", "{9AD59451-BCF9-42FB-BE09-E6189020131F}"
EndProject
Project("{2150E333-8FDC-42A3-9474-1A3956D46DE8}") = "Extras", "Extras", "{628D40FB-AA87-4DA7-AF16-4F57A9FADD9C}"
EndProject
Project("{9A19103F-16F7-4668-BE54-9A1E7A4F7556}") = "ViewModelFactory", "Extras\ViewModelFactory\ViewModelFactory.csproj", "{454C2B14-CC00-435D-86D1-BB91325C81B3}"
EndProject
Project("{9A19103F-16F7-4668-BE54-9A1E7A4F7556}") = "MCART.UI", "Lib\MCART.UI\MCART.UI.csproj", "{1DA29D9F-46D1-402C-B1BC-D6E28F837D5D}"
EndProject
Project("{2150E333-8FDC-42A3-9474-1A3956D46DE8}") = "Shared", "Shared", "{2D10C628-D2D1-48C0-AF8B-1DCAC96DA32E}"
EndProject
Project("{D954291E-2A0B-460D-934E-DC6B0785DB48}") = "AssemblyInfo", "Shared\AssemblyInfo\AssemblyInfo.shproj", "{967AFAA3-DED3-4EC0-9401-7193B318FCE8}"
EndProject
Project("{D954291E-2A0B-460D-934E-DC6B0785DB48}") = "Internals", "Shared\Internals\Internals.shproj", "{F7B14AEA-6C0A-4343-81AE-FB06DCD9C69C}"
EndProject
Project("{9A19103F-16F7-4668-BE54-9A1E7A4F7556}") = "ComplexTypes", "Extras\ComplexTypes\ComplexTypes.csproj", "{C2D283B4-2F7F-47F1-8477-C69061F9B2EE}"
EndProject
Project("{9A19103F-16F7-4668-BE54-9A1E7A4F7556}") = "Security.Argon2", "Extras\Security.Argon2\Security.Argon2.csproj", "{EF235C0B-6983-4BAE-9325-99E806DE76A7}"
EndProject
Project("{9A19103F-16F7-4668-BE54-9A1E7A4F7556}") = "MCART.Windows", "Lib\MCART.Windows\MCART.Windows.csproj", "{2C265D1A-C458-4287-838E-C680596F165B}"
EndProject
Project("{2150E333-8FDC-42A3-9474-1A3956D46DE8}") = "Platform", "Platform", "{F8837530-EC64-4679-9384-2C05FD2AC04F}"
EndProject
Project("{2150E333-8FDC-42A3-9474-1A3956D46DE8}") = "Wpf", "Wpf", "{6EB07197-C7E4-4AF1-8C58-2B1B95118241}"
EndProject
Project("{9A19103F-16F7-4668-BE54-9A1E7A4F7556}") = "MCART.Wpf.Controls", "Platform\Wpf\MCART.Wpf.Controls\MCART.Wpf.Controls.csproj", "{4AACB963-4F8D-495E-8684-D10DA5BAEE8B}"
EndProject
Project("{9A19103F-16F7-4668-BE54-9A1E7A4F7556}") = "MCART.Wpf.Common", "Platform\Wpf\MCART.Wpf.Common\MCART.Wpf.Common.csproj", "{B9ECFF22-AB39-4380-BFA6-E7C2E42ACB8C}"
EndProject
Project("{9A19103F-16F7-4668-BE54-9A1E7A4F7556}") = "Wpf.ExtraValueConverters", "Extras\Wpf.ExtraValueConverters\Wpf.ExtraValueConverters.csproj", "{2ADCB3E5-A8A6-4B48-B390-08E6A6BDA451}"
EndProject
Project("{9A19103F-16F7-4668-BE54-9A1E7A4F7556}") = "MCART.Wpf.Mvvm", "Platform\Wpf\MCART.Wpf.Mvvm\MCART.Wpf.Mvvm.csproj", "{2E45833B-A3CE-4D47-877C-150F9ECF173F}"
EndProject
Project("{9A19103F-16F7-4668-BE54-9A1E7A4F7556}") = "Wpf.FlowDocumentExtensions", "Extras\Wpf.FlowDocumentExtensions\Wpf.FlowDocumentExtensions.csproj", "{467C8ABB-2104-4CD6-9FF9-EDE90E025A3E}"
EndProject
Project("{2150E333-8FDC-42A3-9474-1A3956D46DE8}") = "Tests", "Tests", "{9F25E152-37CC-4376-9C87-7A7497748F81}"
EndProject
Project("{2150E333-8FDC-42A3-9474-1A3956D46DE8}") = "Extras", "Extras", "{093CB83A-F278-42FD-A587-397555F1D5DF}"
EndProject
Project("{9A19103F-16F7-4668-BE54-9A1E7A4F7556}") = "ComplexTypes.Tests", "Tests\Extras\ComplexTypes.Tests\ComplexTypes.Tests.csproj", "{72721172-E4C8-43FE-9227-DE6910E90C57}"
EndProject
Project("{9A19103F-16F7-4668-BE54-9A1E7A4F7556}") = "MCART.Security.Argon2.Tests", "Tests\Extras\Security.Argon2.Tests\MCART.Security.Argon2.Tests.csproj", "{F25ECEE8-690B-4717-A334-42BC22AE1FE4}"
EndProject
Project("{9A19103F-16F7-4668-BE54-9A1E7A4F7556}") = "ViewModelFactory.Tests", "Tests\Extras\ViewModelFactory.Tests\ViewModelFactory.Tests.csproj", "{BBDC5DD0-1B85-44E5-AF22-CFB11A162195}"
EndProject
Project("{2150E333-8FDC-42A3-9474-1A3956D46DE8}") = "Lib", "Lib", "{4928BEED-2E64-4181-827D-9017F2FA3BE5}"
EndProject
Project("{9A19103F-16F7-4668-BE54-9A1E7A4F7556}") = "MCART.Coloring.Tests", "Tests\Lib\MCART.Coloring.Tests\MCART.Coloring.Tests.csproj", "{3701CE27-EB23-409D-9773-D467E12EA13D}"
EndProject
Project("{9A19103F-16F7-4668-BE54-9A1E7A4F7556}") = "MCART.Security.Tests", "Tests\Lib\MCART.Security.Tests\MCART.Security.Tests.csproj", "{CDE62548-182C-4956-9863-9ABF4FD657B2}"
EndProject
Project("{9A19103F-16F7-4668-BE54-9A1E7A4F7556}") = "MCART.TypeFactory.Tests", "Tests\Lib\MCART.TypeFactory.Tests\MCART.TypeFactory.Tests.csproj", "{DC0DEF5E-DD18-4F85-A141-BB861CB0F02C}"
EndProject
Project("{9A19103F-16F7-4668-BE54-9A1E7A4F7556}") = "MCART.Tests", "Tests\Lib\MCART.Tests\MCART.Tests.csproj", "{EE764992-F9E4-4898-8C2B-8466409B0FAC}"
EndProject
Project("{9A19103F-16F7-4668-BE54-9A1E7A4F7556}") = "MCART.Mvvm.Tests", "Tests\Lib\MCART.Mvvm.Tests\MCART.Mvvm.Tests.csproj", "{48DDE395-2087-4D6D-9028-D6C09455AA15}"
EndProject
Project("{2150E333-8FDC-42A3-9474-1A3956D46DE8}") = "Platform", "Platform", "{F386AAC9-3944-4FAE-95D0-770D9C75FD7E}"
EndProject
Project("{2150E333-8FDC-42A3-9474-1A3956D46DE8}") = "Wpf", "Wpf", "{990DE310-0221-4C4C-90DA-C3F644A2797E}"
EndProject
Project("{9A19103F-16F7-4668-BE54-9A1E7A4F7556}") = "MCART.Wpf.Common.Tests", "Tests\Platform\Wpf\MCART.Wpf.Common.Tests\MCART.Wpf.Common.Tests.csproj", "{7F4A02D0-5310-49AE-BD8D-D94BDD069671}"
EndProject
Project("{9A19103F-16F7-4668-BE54-9A1E7A4F7556}") = "Wpf.CommonDialogs", "Extras\Wpf.CommonDialogs\Wpf.CommonDialogs.csproj", "{633333C8-463F-4B8A-BE0C-54D2B77B5BF5}"
EndProject
Project("{2150E333-8FDC-42A3-9474-1A3956D46DE8}") = "Winforms", "Winforms", "{B27108CB-0D03-47A2-A41F-68EBC8104D81}"
EndProject
Project("{9A19103F-16F7-4668-BE54-9A1E7A4F7556}") = "MCART.WinForms.Common", "Platform\WinForms\MCART.WinForms.Common\MCART.WinForms.Common.csproj", "{779C7535-EF1C-488E-A939-FB210D6854CA}"
EndProject
Project("{2150E333-8FDC-42A3-9474-1A3956D46DE8}") = "Avalonia", "Avalonia", "{D3E9B767-D681-43FB-80C7-7579D7E1EE11}"
EndProject
Project("{9A19103F-16F7-4668-BE54-9A1E7A4F7556}") = "MCART.Avalonia.Common", "Platform\Avalonia\MCART.Avalonia.Common\MCART.Avalonia.Common.csproj", "{2F2633BE-B110-41E0-8A68-B5FD723D4F7D}"
EndProject
Project("{9A19103F-16F7-4668-BE54-9A1E7A4F7556}") = "MCART.Avalonia.Controls", "Platform\Avalonia\MCART.Avalonia.Controls\MCART.Avalonia.Controls.csproj", "{64D0244D-271D-4B77-910F-66A8448DA886}"
EndProject
Project("{D954291E-2A0B-460D-934E-DC6B0785DB48}") = "TestShared", "Tests\TestShared\TestShared.shproj", "{F1F6814E-B9A8-495E-A124-198E45577102}"
EndProject
Project("{9A19103F-16F7-4668-BE54-9A1E7A4F7556}") = "Wpf.Win19041", "Extras\Wpf.Win19041\Wpf.Win19041.csproj", "{295C5A28-C076-477A-B780-EC108C10601F}"
EndProject
Project("{9A19103F-16F7-4668-BE54-9A1E7A4F7556}") = "Wpf.Controls.WebCamPane", "Extras\Wpf.Controls.WebCamPane\Wpf.Controls.WebCamPane.csproj", "{156A8029-065A-4B65-8DEB-35CDD340ECCF}"
EndProject
Project("{9A19103F-16F7-4668-BE54-9A1E7A4F7556}") = "Wpf.Win19041.Tests", "Tests\Extras\Wpf.Win19041.Tests\Wpf.Win19041.Tests.csproj", "{C67B89F9-444C-4820-8B97-0866577EDE05}"
EndProject
Project("{D954291E-2A0B-460D-934E-DC6B0785DB48}") = "Xaml", "Platform\Shared\Xaml\Xaml.shproj", "{8817FB6F-3FCB-43C9-9054-B47D4DEB0F20}"
EndProject
Project("{2150E333-8FDC-42A3-9474-1A3956D46DE8}") = "Shared", "Shared", "{9C4EAA79-6771-4CC7-BBD6-89FCBC758B7B}"
EndProject
Project("{2150E333-8FDC-42A3-9474-1A3956D46DE8}") = "Avalonia", "Avalonia", "{0151F8B9-B358-4654-B5CB-6FB9D02DF004}"
EndProject
Project("{2150E333-8FDC-42A3-9474-1A3956D46DE8}") = "Shared", "Shared", "{0CB5C43C-E64F-422A-9553-509155AEF294}"
EndProject
Project("{D954291E-2A0B-460D-934E-DC6B0785DB48}") = "Xaml.Tests", "Tests\Platform\Shared\Xaml.Tests\Xaml.Tests.shproj", "{213730AC-B9BC-4728-A7FC-A43E336B4E55}"
EndProject
Project("{9A19103F-16F7-4668-BE54-9A1E7A4F7556}") = "MCART.Avalonia.Common.Tests", "Tests\Platform\Avalonia\MCART.Avalonia.Common.Tests\MCART.Avalonia.Common.Tests.csproj", "{B2359786-724A-4530-A117-125AFC274C65}"
EndProject
Global
	GlobalSection(SolutionConfigurationPlatforms) = preSolution
		Debug|Any CPU = Debug|Any CPU
		Release|Any CPU = Release|Any CPU
	EndGlobalSection
	GlobalSection(ProjectConfigurationPlatforms) = postSolution
		{C0C0202D-A37B-4250-BB42-796136346535}.Debug|Any CPU.ActiveCfg = Debug|Any CPU
		{C0C0202D-A37B-4250-BB42-796136346535}.Debug|Any CPU.Build.0 = Debug|Any CPU
		{C0C0202D-A37B-4250-BB42-796136346535}.Release|Any CPU.ActiveCfg = Release|Any CPU
		{C0C0202D-A37B-4250-BB42-796136346535}.Release|Any CPU.Build.0 = Release|Any CPU
		{E794621F-F09B-4E0F-AF70-D038C5BF81D2}.Debug|Any CPU.ActiveCfg = Debug|Any CPU
		{E794621F-F09B-4E0F-AF70-D038C5BF81D2}.Debug|Any CPU.Build.0 = Debug|Any CPU
		{E794621F-F09B-4E0F-AF70-D038C5BF81D2}.Release|Any CPU.ActiveCfg = Release|Any CPU
		{E794621F-F09B-4E0F-AF70-D038C5BF81D2}.Release|Any CPU.Build.0 = Release|Any CPU
		{96F6FD64-BBAB-4513-821D-6EE518274C78}.Debug|Any CPU.ActiveCfg = Debug|Any CPU
		{96F6FD64-BBAB-4513-821D-6EE518274C78}.Debug|Any CPU.Build.0 = Debug|Any CPU
		{96F6FD64-BBAB-4513-821D-6EE518274C78}.Release|Any CPU.ActiveCfg = Release|Any CPU
		{96F6FD64-BBAB-4513-821D-6EE518274C78}.Release|Any CPU.Build.0 = Release|Any CPU
		{601C6545-E47B-4495-B166-E6F3D38C8FCC}.Debug|Any CPU.ActiveCfg = Debug|Any CPU
		{601C6545-E47B-4495-B166-E6F3D38C8FCC}.Debug|Any CPU.Build.0 = Debug|Any CPU
		{601C6545-E47B-4495-B166-E6F3D38C8FCC}.Release|Any CPU.ActiveCfg = Release|Any CPU
		{601C6545-E47B-4495-B166-E6F3D38C8FCC}.Release|Any CPU.Build.0 = Release|Any CPU
		{9AD59451-BCF9-42FB-BE09-E6189020131F}.Debug|Any CPU.ActiveCfg = Debug|Any CPU
		{9AD59451-BCF9-42FB-BE09-E6189020131F}.Debug|Any CPU.Build.0 = Debug|Any CPU
		{9AD59451-BCF9-42FB-BE09-E6189020131F}.Release|Any CPU.ActiveCfg = Release|Any CPU
		{9AD59451-BCF9-42FB-BE09-E6189020131F}.Release|Any CPU.Build.0 = Release|Any CPU
		{454C2B14-CC00-435D-86D1-BB91325C81B3}.Debug|Any CPU.ActiveCfg = Debug|Any CPU
		{454C2B14-CC00-435D-86D1-BB91325C81B3}.Debug|Any CPU.Build.0 = Debug|Any CPU
		{454C2B14-CC00-435D-86D1-BB91325C81B3}.Release|Any CPU.ActiveCfg = Release|Any CPU
		{454C2B14-CC00-435D-86D1-BB91325C81B3}.Release|Any CPU.Build.0 = Release|Any CPU
		{1DA29D9F-46D1-402C-B1BC-D6E28F837D5D}.Debug|Any CPU.ActiveCfg = Debug|Any CPU
		{1DA29D9F-46D1-402C-B1BC-D6E28F837D5D}.Debug|Any CPU.Build.0 = Debug|Any CPU
		{1DA29D9F-46D1-402C-B1BC-D6E28F837D5D}.Release|Any CPU.ActiveCfg = Release|Any CPU
		{1DA29D9F-46D1-402C-B1BC-D6E28F837D5D}.Release|Any CPU.Build.0 = Release|Any CPU
		{C2D283B4-2F7F-47F1-8477-C69061F9B2EE}.Debug|Any CPU.ActiveCfg = Debug|Any CPU
		{C2D283B4-2F7F-47F1-8477-C69061F9B2EE}.Debug|Any CPU.Build.0 = Debug|Any CPU
		{C2D283B4-2F7F-47F1-8477-C69061F9B2EE}.Release|Any CPU.ActiveCfg = Release|Any CPU
		{C2D283B4-2F7F-47F1-8477-C69061F9B2EE}.Release|Any CPU.Build.0 = Release|Any CPU
		{EF235C0B-6983-4BAE-9325-99E806DE76A7}.Debug|Any CPU.ActiveCfg = Debug|Any CPU
		{EF235C0B-6983-4BAE-9325-99E806DE76A7}.Debug|Any CPU.Build.0 = Debug|Any CPU
		{EF235C0B-6983-4BAE-9325-99E806DE76A7}.Release|Any CPU.ActiveCfg = Release|Any CPU
		{EF235C0B-6983-4BAE-9325-99E806DE76A7}.Release|Any CPU.Build.0 = Release|Any CPU
		{2C265D1A-C458-4287-838E-C680596F165B}.Debug|Any CPU.ActiveCfg = Debug|Any CPU
		{2C265D1A-C458-4287-838E-C680596F165B}.Debug|Any CPU.Build.0 = Debug|Any CPU
		{2C265D1A-C458-4287-838E-C680596F165B}.Release|Any CPU.ActiveCfg = Release|Any CPU
		{2C265D1A-C458-4287-838E-C680596F165B}.Release|Any CPU.Build.0 = Release|Any CPU
		{4AACB963-4F8D-495E-8684-D10DA5BAEE8B}.Debug|Any CPU.ActiveCfg = Debug|Any CPU
		{4AACB963-4F8D-495E-8684-D10DA5BAEE8B}.Debug|Any CPU.Build.0 = Debug|Any CPU
		{4AACB963-4F8D-495E-8684-D10DA5BAEE8B}.Release|Any CPU.ActiveCfg = Release|Any CPU
		{4AACB963-4F8D-495E-8684-D10DA5BAEE8B}.Release|Any CPU.Build.0 = Release|Any CPU
		{B9ECFF22-AB39-4380-BFA6-E7C2E42ACB8C}.Debug|Any CPU.ActiveCfg = Debug|Any CPU
		{B9ECFF22-AB39-4380-BFA6-E7C2E42ACB8C}.Debug|Any CPU.Build.0 = Debug|Any CPU
		{B9ECFF22-AB39-4380-BFA6-E7C2E42ACB8C}.Release|Any CPU.ActiveCfg = Release|Any CPU
		{B9ECFF22-AB39-4380-BFA6-E7C2E42ACB8C}.Release|Any CPU.Build.0 = Release|Any CPU
		{2ADCB3E5-A8A6-4B48-B390-08E6A6BDA451}.Debug|Any CPU.ActiveCfg = Debug|Any CPU
		{2ADCB3E5-A8A6-4B48-B390-08E6A6BDA451}.Debug|Any CPU.Build.0 = Debug|Any CPU
		{2ADCB3E5-A8A6-4B48-B390-08E6A6BDA451}.Release|Any CPU.ActiveCfg = Release|Any CPU
		{2ADCB3E5-A8A6-4B48-B390-08E6A6BDA451}.Release|Any CPU.Build.0 = Release|Any CPU
		{2E45833B-A3CE-4D47-877C-150F9ECF173F}.Debug|Any CPU.ActiveCfg = Debug|Any CPU
		{2E45833B-A3CE-4D47-877C-150F9ECF173F}.Debug|Any CPU.Build.0 = Debug|Any CPU
		{2E45833B-A3CE-4D47-877C-150F9ECF173F}.Release|Any CPU.ActiveCfg = Release|Any CPU
		{2E45833B-A3CE-4D47-877C-150F9ECF173F}.Release|Any CPU.Build.0 = Release|Any CPU
		{467C8ABB-2104-4CD6-9FF9-EDE90E025A3E}.Debug|Any CPU.ActiveCfg = Debug|Any CPU
		{467C8ABB-2104-4CD6-9FF9-EDE90E025A3E}.Debug|Any CPU.Build.0 = Debug|Any CPU
		{467C8ABB-2104-4CD6-9FF9-EDE90E025A3E}.Release|Any CPU.ActiveCfg = Release|Any CPU
		{467C8ABB-2104-4CD6-9FF9-EDE90E025A3E}.Release|Any CPU.Build.0 = Release|Any CPU
		{72721172-E4C8-43FE-9227-DE6910E90C57}.Debug|Any CPU.ActiveCfg = Debug|Any CPU
		{72721172-E4C8-43FE-9227-DE6910E90C57}.Debug|Any CPU.Build.0 = Debug|Any CPU
		{72721172-E4C8-43FE-9227-DE6910E90C57}.Release|Any CPU.ActiveCfg = Release|Any CPU
		{72721172-E4C8-43FE-9227-DE6910E90C57}.Release|Any CPU.Build.0 = Release|Any CPU
		{F25ECEE8-690B-4717-A334-42BC22AE1FE4}.Debug|Any CPU.ActiveCfg = Debug|Any CPU
		{F25ECEE8-690B-4717-A334-42BC22AE1FE4}.Debug|Any CPU.Build.0 = Debug|Any CPU
		{F25ECEE8-690B-4717-A334-42BC22AE1FE4}.Release|Any CPU.ActiveCfg = Release|Any CPU
		{F25ECEE8-690B-4717-A334-42BC22AE1FE4}.Release|Any CPU.Build.0 = Release|Any CPU
		{BBDC5DD0-1B85-44E5-AF22-CFB11A162195}.Debug|Any CPU.ActiveCfg = Debug|Any CPU
		{BBDC5DD0-1B85-44E5-AF22-CFB11A162195}.Debug|Any CPU.Build.0 = Debug|Any CPU
		{BBDC5DD0-1B85-44E5-AF22-CFB11A162195}.Release|Any CPU.ActiveCfg = Release|Any CPU
		{BBDC5DD0-1B85-44E5-AF22-CFB11A162195}.Release|Any CPU.Build.0 = Release|Any CPU
		{3701CE27-EB23-409D-9773-D467E12EA13D}.Debug|Any CPU.ActiveCfg = Debug|Any CPU
		{3701CE27-EB23-409D-9773-D467E12EA13D}.Debug|Any CPU.Build.0 = Debug|Any CPU
		{3701CE27-EB23-409D-9773-D467E12EA13D}.Release|Any CPU.ActiveCfg = Release|Any CPU
		{3701CE27-EB23-409D-9773-D467E12EA13D}.Release|Any CPU.Build.0 = Release|Any CPU
		{CDE62548-182C-4956-9863-9ABF4FD657B2}.Debug|Any CPU.ActiveCfg = Debug|Any CPU
		{CDE62548-182C-4956-9863-9ABF4FD657B2}.Debug|Any CPU.Build.0 = Debug|Any CPU
		{CDE62548-182C-4956-9863-9ABF4FD657B2}.Release|Any CPU.ActiveCfg = Release|Any CPU
		{CDE62548-182C-4956-9863-9ABF4FD657B2}.Release|Any CPU.Build.0 = Release|Any CPU
		{DC0DEF5E-DD18-4F85-A141-BB861CB0F02C}.Debug|Any CPU.ActiveCfg = Debug|Any CPU
		{DC0DEF5E-DD18-4F85-A141-BB861CB0F02C}.Debug|Any CPU.Build.0 = Debug|Any CPU
		{DC0DEF5E-DD18-4F85-A141-BB861CB0F02C}.Release|Any CPU.ActiveCfg = Release|Any CPU
		{DC0DEF5E-DD18-4F85-A141-BB861CB0F02C}.Release|Any CPU.Build.0 = Release|Any CPU
		{EE764992-F9E4-4898-8C2B-8466409B0FAC}.Debug|Any CPU.ActiveCfg = Debug|Any CPU
		{EE764992-F9E4-4898-8C2B-8466409B0FAC}.Debug|Any CPU.Build.0 = Debug|Any CPU
		{EE764992-F9E4-4898-8C2B-8466409B0FAC}.Release|Any CPU.ActiveCfg = Release|Any CPU
		{EE764992-F9E4-4898-8C2B-8466409B0FAC}.Release|Any CPU.Build.0 = Release|Any CPU
		{48DDE395-2087-4D6D-9028-D6C09455AA15}.Debug|Any CPU.ActiveCfg = Debug|Any CPU
		{48DDE395-2087-4D6D-9028-D6C09455AA15}.Debug|Any CPU.Build.0 = Debug|Any CPU
		{48DDE395-2087-4D6D-9028-D6C09455AA15}.Release|Any CPU.ActiveCfg = Release|Any CPU
		{48DDE395-2087-4D6D-9028-D6C09455AA15}.Release|Any CPU.Build.0 = Release|Any CPU
		{7F4A02D0-5310-49AE-BD8D-D94BDD069671}.Debug|Any CPU.ActiveCfg = Debug|Any CPU
		{7F4A02D0-5310-49AE-BD8D-D94BDD069671}.Debug|Any CPU.Build.0 = Debug|Any CPU
		{7F4A02D0-5310-49AE-BD8D-D94BDD069671}.Release|Any CPU.ActiveCfg = Release|Any CPU
		{7F4A02D0-5310-49AE-BD8D-D94BDD069671}.Release|Any CPU.Build.0 = Release|Any CPU
		{633333C8-463F-4B8A-BE0C-54D2B77B5BF5}.Debug|Any CPU.ActiveCfg = Debug|Any CPU
		{633333C8-463F-4B8A-BE0C-54D2B77B5BF5}.Debug|Any CPU.Build.0 = Debug|Any CPU
		{633333C8-463F-4B8A-BE0C-54D2B77B5BF5}.Release|Any CPU.ActiveCfg = Release|Any CPU
		{633333C8-463F-4B8A-BE0C-54D2B77B5BF5}.Release|Any CPU.Build.0 = Release|Any CPU
		{779C7535-EF1C-488E-A939-FB210D6854CA}.Debug|Any CPU.ActiveCfg = Debug|Any CPU
		{779C7535-EF1C-488E-A939-FB210D6854CA}.Debug|Any CPU.Build.0 = Debug|Any CPU
		{779C7535-EF1C-488E-A939-FB210D6854CA}.Release|Any CPU.ActiveCfg = Release|Any CPU
		{779C7535-EF1C-488E-A939-FB210D6854CA}.Release|Any CPU.Build.0 = Release|Any CPU
		{2F2633BE-B110-41E0-8A68-B5FD723D4F7D}.Debug|Any CPU.ActiveCfg = Debug|Any CPU
		{2F2633BE-B110-41E0-8A68-B5FD723D4F7D}.Debug|Any CPU.Build.0 = Debug|Any CPU
		{2F2633BE-B110-41E0-8A68-B5FD723D4F7D}.Release|Any CPU.ActiveCfg = Release|Any CPU
		{2F2633BE-B110-41E0-8A68-B5FD723D4F7D}.Release|Any CPU.Build.0 = Release|Any CPU
		{64D0244D-271D-4B77-910F-66A8448DA886}.Debug|Any CPU.ActiveCfg = Debug|Any CPU
		{64D0244D-271D-4B77-910F-66A8448DA886}.Debug|Any CPU.Build.0 = Debug|Any CPU
		{64D0244D-271D-4B77-910F-66A8448DA886}.Release|Any CPU.ActiveCfg = Release|Any CPU
		{64D0244D-271D-4B77-910F-66A8448DA886}.Release|Any CPU.Build.0 = Release|Any CPU
		{295C5A28-C076-477A-B780-EC108C10601F}.Debug|Any CPU.ActiveCfg = Debug|Any CPU
		{295C5A28-C076-477A-B780-EC108C10601F}.Debug|Any CPU.Build.0 = Debug|Any CPU
		{295C5A28-C076-477A-B780-EC108C10601F}.Release|Any CPU.ActiveCfg = Release|Any CPU
		{295C5A28-C076-477A-B780-EC108C10601F}.Release|Any CPU.Build.0 = Release|Any CPU
		{156A8029-065A-4B65-8DEB-35CDD340ECCF}.Debug|Any CPU.ActiveCfg = Debug|Any CPU
		{156A8029-065A-4B65-8DEB-35CDD340ECCF}.Debug|Any CPU.Build.0 = Debug|Any CPU
		{156A8029-065A-4B65-8DEB-35CDD340ECCF}.Release|Any CPU.ActiveCfg = Release|Any CPU
		{156A8029-065A-4B65-8DEB-35CDD340ECCF}.Release|Any CPU.Build.0 = Release|Any CPU
		{C67B89F9-444C-4820-8B97-0866577EDE05}.Debug|Any CPU.ActiveCfg = Debug|Any CPU
		{C67B89F9-444C-4820-8B97-0866577EDE05}.Debug|Any CPU.Build.0 = Debug|Any CPU
		{C67B89F9-444C-4820-8B97-0866577EDE05}.Release|Any CPU.ActiveCfg = Release|Any CPU
		{C67B89F9-444C-4820-8B97-0866577EDE05}.Release|Any CPU.Build.0 = Release|Any CPU
		{B2359786-724A-4530-A117-125AFC274C65}.Debug|Any CPU.ActiveCfg = Debug|Any CPU
		{B2359786-724A-4530-A117-125AFC274C65}.Debug|Any CPU.Build.0 = Debug|Any CPU
		{B2359786-724A-4530-A117-125AFC274C65}.Release|Any CPU.ActiveCfg = Release|Any CPU
		{B2359786-724A-4530-A117-125AFC274C65}.Release|Any CPU.Build.0 = Release|Any CPU
	EndGlobalSection
	GlobalSection(SolutionProperties) = preSolution
		HideSolutionNode = FALSE
	EndGlobalSection
	GlobalSection(NestedProjects) = preSolution
		{AE57F09B-53E2-4227-9312-2A76156F446E} = {B3DE9472-6772-4DDB-AA67-038A59C7AE8D}
		{1AD34E3F-73EF-413D-9CD6-EE1AFAA1AFD5} = {B3DE9472-6772-4DDB-AA67-038A59C7AE8D}
		{58730E0E-ABC2-40E0-95D1-B49831863FB0} = {1AD34E3F-73EF-413D-9CD6-EE1AFAA1AFD5}
		{8D205061-EEC6-4A1F-9F9F-E3AB164446B0} = {58730E0E-ABC2-40E0-95D1-B49831863FB0}
		{4BFEB87B-3575-457B-AEF0-DF6BFF250578} = {58730E0E-ABC2-40E0-95D1-B49831863FB0}
		{26F54BD0-CB7D-4A31-8D98-230FAA8624B2} = {1AD34E3F-73EF-413D-9CD6-EE1AFAA1AFD5}
		{28ADBE55-B43C-46E8-BFB5-CD11E91AA5E4} = {B3DE9472-6772-4DDB-AA67-038A59C7AE8D}
		{A96B3E63-89F2-44D6-8832-CD6F7AE705E8} = {28ADBE55-B43C-46E8-BFB5-CD11E91AA5E4}
		{FA30A0E8-C9F6-4E3E-9E74-419BC848D843} = {B3DE9472-6772-4DDB-AA67-038A59C7AE8D}
		{58F0B4D1-47BE-49EF-8B97-CDD2154CA983} = {B3DE9472-6772-4DDB-AA67-038A59C7AE8D}
		{61B4F1EF-FB50-4788-9FEB-7BE032E16EE4} = {58F0B4D1-47BE-49EF-8B97-CDD2154CA983}
		{DDE61DD5-C986-4075-9DE4-39A2D902541F} = {58F0B4D1-47BE-49EF-8B97-CDD2154CA983}
		{064CE42F-1F47-4F24-AF64-B82766ED2D8A} = {58F0B4D1-47BE-49EF-8B97-CDD2154CA983}
		{31C97B59-356C-406B-84C4-4CCB27B8FCC2} = {064CE42F-1F47-4F24-AF64-B82766ED2D8A}
		{CC47FE7E-9142-4331-9ECE-E054D0D894D4} = {58F0B4D1-47BE-49EF-8B97-CDD2154CA983}
		{C0C0202D-A37B-4250-BB42-796136346535} = {51B477E4-5C71-40AB-B571-07ED90DB80FC}
		{E794621F-F09B-4E0F-AF70-D038C5BF81D2} = {51B477E4-5C71-40AB-B571-07ED90DB80FC}
		{96F6FD64-BBAB-4513-821D-6EE518274C78} = {51B477E4-5C71-40AB-B571-07ED90DB80FC}
		{601C6545-E47B-4495-B166-E6F3D38C8FCC} = {51B477E4-5C71-40AB-B571-07ED90DB80FC}
		{9AD59451-BCF9-42FB-BE09-E6189020131F} = {51B477E4-5C71-40AB-B571-07ED90DB80FC}
		{454C2B14-CC00-435D-86D1-BB91325C81B3} = {628D40FB-AA87-4DA7-AF16-4F57A9FADD9C}
		{1DA29D9F-46D1-402C-B1BC-D6E28F837D5D} = {51B477E4-5C71-40AB-B571-07ED90DB80FC}
		{967AFAA3-DED3-4EC0-9401-7193B318FCE8} = {2D10C628-D2D1-48C0-AF8B-1DCAC96DA32E}
		{F7B14AEA-6C0A-4343-81AE-FB06DCD9C69C} = {2D10C628-D2D1-48C0-AF8B-1DCAC96DA32E}
		{C2D283B4-2F7F-47F1-8477-C69061F9B2EE} = {628D40FB-AA87-4DA7-AF16-4F57A9FADD9C}
		{EF235C0B-6983-4BAE-9325-99E806DE76A7} = {628D40FB-AA87-4DA7-AF16-4F57A9FADD9C}
		{2C265D1A-C458-4287-838E-C680596F165B} = {51B477E4-5C71-40AB-B571-07ED90DB80FC}
		{6EB07197-C7E4-4AF1-8C58-2B1B95118241} = {F8837530-EC64-4679-9384-2C05FD2AC04F}
		{4AACB963-4F8D-495E-8684-D10DA5BAEE8B} = {6EB07197-C7E4-4AF1-8C58-2B1B95118241}
		{B9ECFF22-AB39-4380-BFA6-E7C2E42ACB8C} = {6EB07197-C7E4-4AF1-8C58-2B1B95118241}
		{2ADCB3E5-A8A6-4B48-B390-08E6A6BDA451} = {628D40FB-AA87-4DA7-AF16-4F57A9FADD9C}
		{2E45833B-A3CE-4D47-877C-150F9ECF173F} = {6EB07197-C7E4-4AF1-8C58-2B1B95118241}
		{467C8ABB-2104-4CD6-9FF9-EDE90E025A3E} = {628D40FB-AA87-4DA7-AF16-4F57A9FADD9C}
		{093CB83A-F278-42FD-A587-397555F1D5DF} = {9F25E152-37CC-4376-9C87-7A7497748F81}
		{72721172-E4C8-43FE-9227-DE6910E90C57} = {093CB83A-F278-42FD-A587-397555F1D5DF}
		{F25ECEE8-690B-4717-A334-42BC22AE1FE4} = {093CB83A-F278-42FD-A587-397555F1D5DF}
		{BBDC5DD0-1B85-44E5-AF22-CFB11A162195} = {093CB83A-F278-42FD-A587-397555F1D5DF}
		{4928BEED-2E64-4181-827D-9017F2FA3BE5} = {9F25E152-37CC-4376-9C87-7A7497748F81}
		{3701CE27-EB23-409D-9773-D467E12EA13D} = {4928BEED-2E64-4181-827D-9017F2FA3BE5}
		{CDE62548-182C-4956-9863-9ABF4FD657B2} = {4928BEED-2E64-4181-827D-9017F2FA3BE5}
		{DC0DEF5E-DD18-4F85-A141-BB861CB0F02C} = {4928BEED-2E64-4181-827D-9017F2FA3BE5}
		{EE764992-F9E4-4898-8C2B-8466409B0FAC} = {4928BEED-2E64-4181-827D-9017F2FA3BE5}
		{48DDE395-2087-4D6D-9028-D6C09455AA15} = {4928BEED-2E64-4181-827D-9017F2FA3BE5}
		{F386AAC9-3944-4FAE-95D0-770D9C75FD7E} = {9F25E152-37CC-4376-9C87-7A7497748F81}
		{990DE310-0221-4C4C-90DA-C3F644A2797E} = {F386AAC9-3944-4FAE-95D0-770D9C75FD7E}
		{7F4A02D0-5310-49AE-BD8D-D94BDD069671} = {990DE310-0221-4C4C-90DA-C3F644A2797E}
		{633333C8-463F-4B8A-BE0C-54D2B77B5BF5} = {628D40FB-AA87-4DA7-AF16-4F57A9FADD9C}
		{B27108CB-0D03-47A2-A41F-68EBC8104D81} = {F8837530-EC64-4679-9384-2C05FD2AC04F}
		{779C7535-EF1C-488E-A939-FB210D6854CA} = {B27108CB-0D03-47A2-A41F-68EBC8104D81}
		{D3E9B767-D681-43FB-80C7-7579D7E1EE11} = {F8837530-EC64-4679-9384-2C05FD2AC04F}
		{2F2633BE-B110-41E0-8A68-B5FD723D4F7D} = {D3E9B767-D681-43FB-80C7-7579D7E1EE11}
		{64D0244D-271D-4B77-910F-66A8448DA886} = {D3E9B767-D681-43FB-80C7-7579D7E1EE11}
		{F1F6814E-B9A8-495E-A124-198E45577102} = {9F25E152-37CC-4376-9C87-7A7497748F81}
		{295C5A28-C076-477A-B780-EC108C10601F} = {628D40FB-AA87-4DA7-AF16-4F57A9FADD9C}
		{156A8029-065A-4B65-8DEB-35CDD340ECCF} = {628D40FB-AA87-4DA7-AF16-4F57A9FADD9C}
		{C67B89F9-444C-4820-8B97-0866577EDE05} = {093CB83A-F278-42FD-A587-397555F1D5DF}
		{8817FB6F-3FCB-43C9-9054-B47D4DEB0F20} = {9C4EAA79-6771-4CC7-BBD6-89FCBC758B7B}
		{9C4EAA79-6771-4CC7-BBD6-89FCBC758B7B} = {F8837530-EC64-4679-9384-2C05FD2AC04F}
		{0151F8B9-B358-4654-B5CB-6FB9D02DF004} = {F386AAC9-3944-4FAE-95D0-770D9C75FD7E}
		{0CB5C43C-E64F-422A-9553-509155AEF294} = {F386AAC9-3944-4FAE-95D0-770D9C75FD7E}
		{213730AC-B9BC-4728-A7FC-A43E336B4E55} = {0CB5C43C-E64F-422A-9553-509155AEF294}
		{B2359786-724A-4530-A117-125AFC274C65} = {0151F8B9-B358-4654-B5CB-6FB9D02DF004}
	EndGlobalSection
	GlobalSection(ExtensibilityGlobals) = postSolution
		SolutionGuid = {63BB1063-9448-4D86-ADAF-29683E2E7E73}
	EndGlobalSection
	GlobalSection(SharedMSBuildProjectFiles) = preSolution
		Shared\AssemblyInfo\AssemblyInfo.projitems*{156a8029-065a-4b65-8deb-35cdd340eccf}*SharedItemsImports = 5
		Shared\AssemblyInfo\AssemblyInfo.projitems*{1da29d9f-46d1-402c-b1bc-d6e28f837d5d}*SharedItemsImports = 5
		Tests\Platform\Shared\Xaml.Tests\Xaml.Tests.projitems*{213730ac-b9bc-4728-a7fc-a43e336b4e55}*SharedItemsImports = 13
		Shared\AssemblyInfo\AssemblyInfo.projitems*{295c5a28-c076-477a-b780-ec108c10601f}*SharedItemsImports = 5
		Shared\AssemblyInfo\AssemblyInfo.projitems*{2adcb3e5-a8a6-4b48-b390-08e6a6bda451}*SharedItemsImports = 5
		Shared\AssemblyInfo\AssemblyInfo.projitems*{2c265d1a-c458-4287-838e-c680596f165b}*SharedItemsImports = 5
		Shared\AssemblyInfo\AssemblyInfo.projitems*{2e45833b-a3ce-4d47-877c-150f9ecf173f}*SharedItemsImports = 5
		Platform\Shared\Xaml\Xaml.projitems*{2f2633be-b110-41e0-8a68-b5fd723d4f7d}*SharedItemsImports = 5
		Shared\AssemblyInfo\AssemblyInfo.projitems*{2f2633be-b110-41e0-8a68-b5fd723d4f7d}*SharedItemsImports = 5
		Tests\TestShared\TestShared.projitems*{3701ce27-eb23-409d-9773-d467e12ea13d}*SharedItemsImports = 5
		Shared\AssemblyInfo\AssemblyInfo.projitems*{454c2b14-cc00-435d-86d1-bb91325c81b3}*SharedItemsImports = 5
		Shared\AssemblyInfo\AssemblyInfo.projitems*{467c8abb-2104-4cd6-9ff9-ede90e025a3e}*SharedItemsImports = 5
		Tests\TestShared\TestShared.projitems*{48dde395-2087-4d6d-9028-d6c09455aa15}*SharedItemsImports = 5
		Shared\AssemblyInfo\AssemblyInfo.projitems*{4aacb963-4f8d-495e-8684-d10da5baee8b}*SharedItemsImports = 5
		Shared\AssemblyInfo\AssemblyInfo.projitems*{601c6545-e47b-4495-b166-e6f3d38c8fcc}*SharedItemsImports = 5
		Shared\AssemblyInfo\AssemblyInfo.projitems*{633333c8-463f-4b8a-be0c-54d2b77b5bf5}*SharedItemsImports = 5
		Shared\AssemblyInfo\AssemblyInfo.projitems*{64d0244d-271d-4b77-910f-66a8448da886}*SharedItemsImports = 5
		Tests\TestShared\TestShared.projitems*{72721172-e4c8-43fe-9227-de6910e90c57}*SharedItemsImports = 5
		Shared\AssemblyInfo\AssemblyInfo.projitems*{779c7535-ef1c-488e-a939-fb210d6854ca}*SharedItemsImports = 5
		Tests\Platform\Shared\Xaml.Tests\Xaml.Tests.projitems*{7f4a02d0-5310-49ae-bd8d-d94bdd069671}*SharedItemsImports = 5
		Tests\TestShared\TestShared.projitems*{7f4a02d0-5310-49ae-bd8d-d94bdd069671}*SharedItemsImports = 5
		Platform\Shared\Xaml\Xaml.projitems*{8817fb6f-3fcb-43c9-9054-b47d4deb0f20}*SharedItemsImports = 13
		Shared\AssemblyInfo\AssemblyInfo.projitems*{967afaa3-ded3-4ec0-9401-7193b318fce8}*SharedItemsImports = 13
		Shared\AssemblyInfo\AssemblyInfo.projitems*{96f6fd64-bbab-4513-821d-6ee518274c78}*SharedItemsImports = 5
		Shared\AssemblyInfo\AssemblyInfo.projitems*{9ad59451-bcf9-42fb-be09-e6189020131f}*SharedItemsImports = 5
		Tests\Platform\Shared\Xaml.Tests\Xaml.Tests.projitems*{b2359786-724a-4530-a117-125afc274c65}*SharedItemsImports = 5
		Tests\TestShared\TestShared.projitems*{b2359786-724a-4530-a117-125afc274c65}*SharedItemsImports = 5
		Platform\Shared\Xaml\Xaml.projitems*{b9ecff22-ab39-4380-bfa6-e7c2e42acb8c}*SharedItemsImports = 5
		Shared\AssemblyInfo\AssemblyInfo.projitems*{b9ecff22-ab39-4380-bfa6-e7c2e42acb8c}*SharedItemsImports = 5
		Tests\TestShared\TestShared.projitems*{bbdc5dd0-1b85-44e5-af22-cfb11a162195}*SharedItemsImports = 5
		Shared\AssemblyInfo\AssemblyInfo.projitems*{c0c0202d-a37b-4250-bb42-796136346535}*SharedItemsImports = 5
		Shared\AssemblyInfo\AssemblyInfo.projitems*{c2d283b4-2f7f-47f1-8477-c69061f9b2ee}*SharedItemsImports = 5
		Tests\TestShared\TestShared.projitems*{c67b89f9-444c-4820-8b97-0866577ede05}*SharedItemsImports = 5
		Tests\TestShared\TestShared.projitems*{cde62548-182c-4956-9863-9abf4fd657b2}*SharedItemsImports = 5
		Tests\TestShared\TestShared.projitems*{dc0def5e-dd18-4f85-a141-bb861cb0f02c}*SharedItemsImports = 5
		Shared\AssemblyInfo\AssemblyInfo.projitems*{e794621f-f09b-4e0f-af70-d038c5bf81d2}*SharedItemsImports = 5
		Tests\TestShared\TestShared.projitems*{ee764992-f9e4-4898-8c2b-8466409b0fac}*SharedItemsImports = 5
		Shared\AssemblyInfo\AssemblyInfo.projitems*{ef235c0b-6983-4bae-9325-99e806de76a7}*SharedItemsImports = 5
		Tests\TestShared\TestShared.projitems*{f1f6814e-b9a8-495e-a124-198e45577102}*SharedItemsImports = 13
		Tests\TestShared\TestShared.projitems*{f25ecee8-690b-4717-a334-42bc22ae1fe4}*SharedItemsImports = 5
		Shared\Internals\Internals.projitems*{f7b14aea-6c0a-4343-81ae-fb06dcd9c69c}*SharedItemsImports = 13
	EndGlobalSection
EndGlobal
